PODS:
  - Alamofire (4.0.1)
  - DZNEmptyDataSet (1.8.1)
  - MarqueeLabel/Swift (2.7.7)
  - PopupController (0.2.0)
  - SnapKit (3.0.1)
  - SwiftyJSON (3.1.0)

DEPENDENCIES:
  - Alamofire (~> 4.0)
  - DZNEmptyDataSet
  - MarqueeLabel/Swift (from `https://github.com/cbpowell/MarqueeLabel.git`, branch `swift-3.0`)
  - PopupController
  - SnapKit (~> 3.0)
  - SwiftyJSON

EXTERNAL SOURCES:
  MarqueeLabel:
    :branch: swift-3.0
    :git: https://github.com/cbpowell/MarqueeLabel.git

CHECKOUT OPTIONS:
  MarqueeLabel:
    :commit: 637250cead29afd0ac03dc337a6f08916be28bca
    :git: https://github.com/cbpowell/MarqueeLabel.git

SPEC CHECKSUMS:
  Alamofire: 7682d43245de14874acd142ec137b144aa1dd335
  DZNEmptyDataSet: 9525833b9e68ac21c30253e1d3d7076cc828eaa7
  MarqueeLabel: be020407640503732f7b1dd53c2d4ee692e72041
  PopupController: 0b69fdf11cbeaa807789a8c3992599083640988f
  SnapKit: f818b8326d45b4e1c777d0ab27b5c0a3624bfdeb
  SwiftyJSON: 29b9f2a64f118c07e691667c2ba1efe536acfe0b

PODFILE CHECKSUM: 78e31f146c6c3e50ecfe2ced89d77bd049cf22fd

COCOAPODS: 1.1.0.rc.2
