// !$*UTF8*$!
{
	archiveVersion = 1;
	classes = {
	};
	objectVersion = 46;
	objects = {

/* Begin PBXBuildFile section */
		2D03D0F61CA38C8800ED8B7E /* Main.storyboard in Resources */ = {isa = PBXBuildFile; fileRef = 2D03D0F51CA38C8800ED8B7E /* Main.storyboard */; };
		2D03D0FA1CA3B42000ED8B7E /* LauncherViewController.swift in Sources */ = {isa = PBXBuildFile; fileRef = 2D03D0F91CA3B42000ED8B7E /* LauncherViewController.swift */; };
		2D03D0FC1CA3C0D800ED8B7E /* Constants.swift in Sources */ = {isa = PBXBuildFile; fileRef = 2D03D0FB1CA3C0D800ED8B7E /* Constants.swift */; };
		2D03D0FE1CA3E27F00ED8B7E /* AnimationBlockView.swift in Sources */ = {isa = PBXBuildFile; fileRef = 2D03D0FD1CA3E27F00ED8B7E /* AnimationBlockView.swift */; };
		2D03D1051CA3EDEF00ED8B7E /* BaseRequest.swift in Sources */ = {isa = PBXBuildFile; fileRef = 2D03D1001CA3EDEF00ED8B7E /* BaseRequest.swift */; };
		2D03D1061CA3EDEF00ED8B7E /* BaseResult.swift in Sources */ = {isa = PBXBuildFile; fileRef = 2D03D1011CA3EDEF00ED8B7E /* BaseResult.swift */; };
		2D03D1071CA3EDEF00ED8B7E /* HttpConstants.swift in Sources */ = {isa = PBXBuildFile; fileRef = 2D03D1021CA3EDEF00ED8B7E /* HttpConstants.swift */; };
		2D03D10A1CA3EE7C00ED8B7E /* UIView+Extension.swift in Sources */ = {isa = PBXBuildFile; fileRef = 2D03D1091CA3EE7C00ED8B7E /* UIView+Extension.swift */; };
		2D143BDE1C9C566A00C11099 /* BeeVideo.xcdatamodeld in Sources */ = {isa = PBXBuildFile; fileRef = 2D143BDC1C9C566A00C11099 /* BeeVideo.xcdatamodeld */; };
		2D143BE31C9C566A00C11099 /* LaunchScreen.storyboard in Resources */ = {isa = PBXBuildFile; fileRef = 2D143BE11C9C566A00C11099 /* LaunchScreen.storyboard */; };
		2D143BEE1C9C566A00C11099 /* BeeVideoTests.swift in Sources */ = {isa = PBXBuildFile; fileRef = 2D143BED1C9C566A00C11099 /* BeeVideoTests.swift */; };
		2D143BF91C9C566A00C11099 /* BeeVideoUITests.swift in Sources */ = {isa = PBXBuildFile; fileRef = 2D143BF81C9C566A00C11099 /* BeeVideoUITests.swift */; };
		2D143C101C9C5C5600C11099 /* BaseViewController.swift in Sources */ = {isa = PBXBuildFile; fileRef = 2D143C0F1C9C5C5600C11099 /* BaseViewController.swift */; };
		2D143C121C9C5E3700C11099 /* TableTitleView.swift in Sources */ = {isa = PBXBuildFile; fileRef = 2D143C111C9C5E3700C11099 /* TableTitleView.swift */; };
		2D4B22711CC0DB130083E9FE /* Assets.xcassets in Resources */ = {isa = PBXBuildFile; fileRef = 2D4B22701CC0DB130083E9FE /* Assets.xcassets */; };
		2D54DDE91C9D269C007362F2 /* BasePageView.swift in Sources */ = {isa = PBXBuildFile; fileRef = 2D54DDE81C9D269C007362F2 /* BasePageView.swift */; };
		2D54DDEB1C9D27A5007362F2 /* RemmondedPageView.swift in Sources */ = {isa = PBXBuildFile; fileRef = 2D54DDEA1C9D27A5007362F2 /* RemmondedPageView.swift */; };
		2D54DDED1C9D2865007362F2 /* DataFactory.swift in Sources */ = {isa = PBXBuildFile; fileRef = 2D54DDEC1C9D2865007362F2 /* DataFactory.swift */; };
		2D54DDEF1C9D2892007362F2 /* CycleItemInfo.swift in Sources */ = {isa = PBXBuildFile; fileRef = 2D54DDEE1C9D2892007362F2 /* CycleItemInfo.swift */; };
		2D54DDF11C9D339C007362F2 /* BlockView.swift in Sources */ = {isa = PBXBuildFile; fileRef = 2D54DDF01C9D339C007362F2 /* BlockView.swift */; };
		2D54DDF31C9D39B7007362F2 /* VideoPageView.swift in Sources */ = {isa = PBXBuildFile; fileRef = 2D54DDF21C9D39B7007362F2 /* VideoPageView.swift */; };
		2D54DDF51C9D3A20007362F2 /* LivePageView.swift in Sources */ = {isa = PBXBuildFile; fileRef = 2D54DDF41C9D3A20007362F2 /* LivePageView.swift */; };
		2D54DDF71C9D3A5A007362F2 /* SettingPageView.swift in Sources */ = {isa = PBXBuildFile; fileRef = 2D54DDF61C9D3A5A007362F2 /* SettingPageView.swift */; };
		2D5CA0B81CA4E38F00F0F20E /* CornerImageView.swift in Sources */ = {isa = PBXBuildFile; fileRef = 2D5CA0B71CA4E38F00F0F20E /* CornerImageView.swift */; };
		2D9163941CC47E3E0045163A /* FavTableViewCell.swift in Sources */ = {isa = PBXBuildFile; fileRef = 2D9163931CC47E3E0045163A /* FavTableViewCell.swift */; };
		2D9163981CC4C2D50045163A /* FavTableViewCell.xib in Resources */ = {isa = PBXBuildFile; fileRef = 2D9163971CC4C2D50045163A /* FavTableViewCell.xib */; };
		2D9163CB1CC4DA5A0045163A /* UIImage+WebP.m in Sources */ = {isa = PBXBuildFile; fileRef = 2D91639C1CC4DA5A0045163A /* UIImage+WebP.m */; };
		2D9163CC1CC4DA5A0045163A /* WebP.framework in Frameworks */ = {isa = PBXBuildFile; fileRef = 2D91639D1CC4DA5A0045163A /* WebP.framework */; };
		2D9163CD1CC4DA5A0045163A /* SXColorGradientView.m in Sources */ = {isa = PBXBuildFile; fileRef = 2D9163A01CC4DA5A0045163A /* SXColorGradientView.m */; };
		2D9163CE1CC4DA5A0045163A /* SXColorLabel.m in Sources */ = {isa = PBXBuildFile; fileRef = 2D9163A21CC4DA5A0045163A /* SXColorLabel.m */; };
		2D9163CF1CC4DA5A0045163A /* SXMarquee.m in Sources */ = {isa = PBXBuildFile; fileRef = 2D9163A41CC4DA5A0045163A /* SXMarquee.m */; };
		2D9163D01CC4DA5A0045163A /* UIColor+Separate.m in Sources */ = {isa = PBXBuildFile; fileRef = 2D9163A61CC4DA5A0045163A /* UIColor+Separate.m */; };
		2D9163D11CC4DA5A0045163A /* UIColor+Wonderful.m in Sources */ = {isa = PBXBuildFile; fileRef = 2D9163A81CC4DA5A0045163A /* UIColor+Wonderful.m */; };
		2D9163D21CC4DA5A0045163A /* MKAnnotationView+WebCache.m in Sources */ = {isa = PBXBuildFile; fileRef = 2D9163AB1CC4DA5A0045163A /* MKAnnotationView+WebCache.m */; };
		2D9163D31CC4DA5A0045163A /* NSData+ImageContentType.m in Sources */ = {isa = PBXBuildFile; fileRef = 2D9163AD1CC4DA5A0045163A /* NSData+ImageContentType.m */; };
		2D9163D41CC4DA5A0045163A /* SDImageCache.m in Sources */ = {isa = PBXBuildFile; fileRef = 2D9163AF1CC4DA5A0045163A /* SDImageCache.m */; };
		2D9163D51CC4DA5A0045163A /* SDWebImageCompat.m in Sources */ = {isa = PBXBuildFile; fileRef = 2D9163B11CC4DA5A0045163A /* SDWebImageCompat.m */; };
		2D9163D61CC4DA5A0045163A /* SDWebImageDecoder.m in Sources */ = {isa = PBXBuildFile; fileRef = 2D9163B31CC4DA5A0045163A /* SDWebImageDecoder.m */; };
		2D9163D71CC4DA5A0045163A /* SDWebImageDownloader.m in Sources */ = {isa = PBXBuildFile; fileRef = 2D9163B51CC4DA5A0045163A /* SDWebImageDownloader.m */; };
		2D9163D81CC4DA5A0045163A /* SDWebImageDownloaderOperation.m in Sources */ = {isa = PBXBuildFile; fileRef = 2D9163B71CC4DA5A0045163A /* SDWebImageDownloaderOperation.m */; };
		2D9163D91CC4DA5A0045163A /* SDWebImageManager.m in Sources */ = {isa = PBXBuildFile; fileRef = 2D9163B91CC4DA5A0045163A /* SDWebImageManager.m */; };
		2D9163DA1CC4DA5A0045163A /* SDWebImagePrefetcher.m in Sources */ = {isa = PBXBuildFile; fileRef = 2D9163BC1CC4DA5A0045163A /* SDWebImagePrefetcher.m */; };
		2D9163DB1CC4DA5A0045163A /* UIButton+WebCache.m in Sources */ = {isa = PBXBuildFile; fileRef = 2D9163BE1CC4DA5A0045163A /* UIButton+WebCache.m */; };
		2D9163DC1CC4DA5A0045163A /* UIImage+GIF.m in Sources */ = {isa = PBXBuildFile; fileRef = 2D9163C01CC4DA5A0045163A /* UIImage+GIF.m */; };
		2D9163DD1CC4DA5A0045163A /* UIImage+MultiFormat.m in Sources */ = {isa = PBXBuildFile; fileRef = 2D9163C21CC4DA5A0045163A /* UIImage+MultiFormat.m */; };
		2D9163DE1CC4DA5A0045163A /* UIImage+WebP.m in Sources */ = {isa = PBXBuildFile; fileRef = 2D9163C41CC4DA5A0045163A /* UIImage+WebP.m */; };
		2D9163DF1CC4DA5A0045163A /* UIImageView+HighlightedWebCache.m in Sources */ = {isa = PBXBuildFile; fileRef = 2D9163C61CC4DA5A0045163A /* UIImageView+HighlightedWebCache.m */; };
		2D9163E01CC4DA5A0045163A /* UIImageView+WebCache.m in Sources */ = {isa = PBXBuildFile; fileRef = 2D9163C81CC4DA5A0045163A /* UIImageView+WebCache.m */; };
		2D9163E11CC4DA5A0045163A /* UIView+WebCacheOperation.m in Sources */ = {isa = PBXBuildFile; fileRef = 2D9163CA1CC4DA5A0045163A /* UIView+WebCacheOperation.m */; };
		2D9164501CC4DAD50045163A /* libavcodec.a in Frameworks */ = {isa = PBXBuildFile; fileRef = 2D9164491CC4DAD50045163A /* libavcodec.a */; };
		2D9164511CC4DAD50045163A /* libavdevice.a in Frameworks */ = {isa = PBXBuildFile; fileRef = 2D91644A1CC4DAD50045163A /* libavdevice.a */; };
		2D9164521CC4DAD50045163A /* libavfilter.a in Frameworks */ = {isa = PBXBuildFile; fileRef = 2D91644B1CC4DAD50045163A /* libavfilter.a */; };
		2D9164541CC4DAD50045163A /* libavutil.a in Frameworks */ = {isa = PBXBuildFile; fileRef = 2D91644D1CC4DAD50045163A /* libavutil.a */; };
		2D9164551CC4DAD50045163A /* libswresample.a in Frameworks */ = {isa = PBXBuildFile; fileRef = 2D91644E1CC4DAD50045163A /* libswresample.a */; };
		2D9164561CC4DAD50045163A /* libswscale.a in Frameworks */ = {isa = PBXBuildFile; fileRef = 2D91644F1CC4DAD50045163A /* libswscale.a */; };
		2D9164631CC4DADE0045163A /* KxAudioManager.m in Sources */ = {isa = PBXBuildFile; fileRef = 2D9164591CC4DADE0045163A /* KxAudioManager.m */; };
		2D9164641CC4DADE0045163A /* kxmovie.bundle in Resources */ = {isa = PBXBuildFile; fileRef = 2D91645C1CC4DADE0045163A /* kxmovie.bundle */; };
		2D9164651CC4DADE0045163A /* KxMovieDecoder.m in Sources */ = {isa = PBXBuildFile; fileRef = 2D91645E1CC4DADE0045163A /* KxMovieDecoder.m */; };
		2D9164661CC4DADE0045163A /* KxMovieGLView.m in Sources */ = {isa = PBXBuildFile; fileRef = 2D9164601CC4DADE0045163A /* KxMovieGLView.m */; };
		2D9164671CC4DADE0045163A /* KxMovieViewController.m in Sources */ = {isa = PBXBuildFile; fileRef = 2D9164621CC4DADE0045163A /* KxMovieViewController.m */; };
		2D9164681CC4DE9F0045163A /* libavformat.a in Frameworks */ = {isa = PBXBuildFile; fileRef = 2D91644C1CC4DAD50045163A /* libavformat.a */; };
		2D91646B1CC4DF9B0045163A /* libz.tbd in Frameworks */ = {isa = PBXBuildFile; fileRef = 2D91646A1CC4DF9B0045163A /* libz.tbd */; };
		2D91646D1CC4DFEB0045163A /* libbz2.tbd in Frameworks */ = {isa = PBXBuildFile; fileRef = 2D91646C1CC4DFEB0045163A /* libbz2.tbd */; };
		2D91646F1CC4DFFD0045163A /* libiconv.tbd in Frameworks */ = {isa = PBXBuildFile; fileRef = 2D91646E1CC4DFFD0045163A /* libiconv.tbd */; };
		2DBD25E71CA166BE00E4BC86 /* ViewController.swift in Sources */ = {isa = PBXBuildFile; fileRef = 2DBD25E61CA166BE00E4BC86 /* ViewController.swift */; };
		2DDD4B941CA4D00800CD7F45 /* AppDelegate.swift in Sources */ = {isa = PBXBuildFile; fileRef = 2DDD4B901CA4D00800CD7F45 /* AppDelegate.swift */; };
		2DE7CE5A1CA1315E004F0D68 /* HomeSpace.swift in Sources */ = {isa = PBXBuildFile; fileRef = 2DE7CE591CA1315E004F0D68 /* HomeSpace.swift */; };
		2DE7CE5C1CA131D5004F0D68 /* HomeItem.swift in Sources */ = {isa = PBXBuildFile; fileRef = 2DE7CE5B1CA131D5004F0D68 /* HomeItem.swift */; };
		2DE7CE5E1CA1326D004F0D68 /* ExtraData.swift in Sources */ = {isa = PBXBuildFile; fileRef = 2DE7CE5D1CA1326D004F0D68 /* ExtraData.swift */; };
		2DE7CE601CA153BC004F0D68 /* ChannelInfo.swift in Sources */ = {isa = PBXBuildFile; fileRef = 2DE7CE5F1CA153BC004F0D68 /* ChannelInfo.swift */; };
		2DE7CE621CA154D7004F0D68 /* ChannelProgram.swift in Sources */ = {isa = PBXBuildFile; fileRef = 2DE7CE611CA154D7004F0D68 /* ChannelProgram.swift */; };
		2DE7CE641CA163E5004F0D68 /* HomeData.swift in Sources */ = {isa = PBXBuildFile; fileRef = 2DE7CE631CA163E5004F0D68 /* HomeData.swift */; };
		A3ABB4A7F87A58BA8238F838 /* Pods.framework in Frameworks */ = {isa = PBXBuildFile; fileRef = 3133115507B85392C7E5A37A /* Pods.framework */; };
		B3A504FE1CBF8F6000E6201C /* VideoDetailViewController.swift in Sources */ = {isa = PBXBuildFile; fileRef = B3A504FD1CBF8F6000E6201C /* VideoDetailViewController.swift */; };
		B3A505001CBF911000E6201C /* VideoSourceInfo.swift in Sources */ = {isa = PBXBuildFile; fileRef = B3A504FF1CBF911000E6201C /* VideoSourceInfo.swift */; };
		B3A505021CBF914100E6201C /* VideoDetailInfo.swift in Sources */ = {isa = PBXBuildFile; fileRef = B3A505011CBF914100E6201C /* VideoDetailInfo.swift */; };
		B3A505041CBF915000E6201C /* Source.swift in Sources */ = {isa = PBXBuildFile; fileRef = B3A505031CBF915000E6201C /* Source.swift */; };
		B3A505061CBF916300E6201C /* Drama.swift in Sources */ = {isa = PBXBuildFile; fileRef = B3A505051CBF916300E6201C /* Drama.swift */; };
		B3ECEF041CC60C9D00F25558 /* AboutView.swift in Sources */ = {isa = PBXBuildFile; fileRef = B3ECEF031CC60C9D00F25558 /* AboutView.swift */; };
		B3ECEF0B1CC6369A00F25558 /* AboutSettingCell.swift in Sources */ = {isa = PBXBuildFile; fileRef = B3ECEF091CC6369A00F25558 /* AboutSettingCell.swift */; };
		B3ECEF0C1CC6369A00F25558 /* AboutSettingCell.xib in Resources */ = {isa = PBXBuildFile; fileRef = B3ECEF0A1CC6369A00F25558 /* AboutSettingCell.xib */; };
		B3F0094A1CC092DB00B4D109 /* ImageButton.swift in Sources */ = {isa = PBXBuildFile; fileRef = B3F009491CC092DB00B4D109 /* ImageButton.swift */; };
		B3F184C81CC479FB0099B28A /* BaseTableViewCell.swift in Sources */ = {isa = PBXBuildFile; fileRef = B3F184C71CC479FB0099B28A /* BaseTableViewCell.swift */; };
		B3F184CA1CC47A0D0099B28A /* SimpleTableViewCell.swift in Sources */ = {isa = PBXBuildFile; fileRef = B3F184C91CC47A0D0099B28A /* SimpleTableViewCell.swift */; };
		B3F184CC1CC47A440099B28A /* ZXOptionBarCell.swift in Sources */ = {isa = PBXBuildFile; fileRef = B3F184CB1CC47A440099B28A /* ZXOptionBarCell.swift */; };
		B3F184D01CC4D9CA0099B28A /* SettingBlockView.swift in Sources */ = {isa = PBXBuildFile; fileRef = B3F184CF1CC4D9CA0099B28A /* SettingBlockView.swift */; };
		B3F24C491CC1DF5900ED73FA /* VideoBriefItem.swift in Sources */ = {isa = PBXBuildFile; fileRef = B3F24C481CC1DF5900ED73FA /* VideoBriefItem.swift */; };
		B3F24C4F1CC21D7C00ED73FA /* ZXOptionBar.swift in Sources */ = {isa = PBXBuildFile; fileRef = B3F24C4E1CC21D7C00ED73FA /* ZXOptionBar.swift */; };
/* End PBXBuildFile section */

/* Begin PBXContainerItemProxy section */
		2D143BEA1C9C566A00C11099 /* PBXContainerItemProxy */ = {
			isa = PBXContainerItemProxy;
			containerPortal = 2D143BCA1C9C566A00C11099 /* Project object */;
			proxyType = 1;
			remoteGlobalIDString = 2D143BD11C9C566A00C11099;
			remoteInfo = BeeVideo;
		};
		2D143BF51C9C566A00C11099 /* PBXContainerItemProxy */ = {
			isa = PBXContainerItemProxy;
			containerPortal = 2D143BCA1C9C566A00C11099 /* Project object */;
			proxyType = 1;
			remoteGlobalIDString = 2D143BD11C9C566A00C11099;
			remoteInfo = BeeVideo;
		};
/* End PBXContainerItemProxy section */

/* Begin PBXFileReference section */
		2D03D0F51CA38C8800ED8B7E /* Main.storyboard */ = {isa = PBXFileReference; fileEncoding = 4; lastKnownFileType = file.storyboard; path = Main.storyboard; sourceTree = "<group>"; };
		2D03D0F91CA3B42000ED8B7E /* LauncherViewController.swift */ = {isa = PBXFileReference; fileEncoding = 4; lastKnownFileType = sourcecode.swift; path = LauncherViewController.swift; sourceTree = "<group>"; };
		2D03D0FB1CA3C0D800ED8B7E /* Constants.swift */ = {isa = PBXFileReference; fileEncoding = 4; lastKnownFileType = sourcecode.swift; path = Constants.swift; sourceTree = "<group>"; };
		2D03D0FD1CA3E27F00ED8B7E /* AnimationBlockView.swift */ = {isa = PBXFileReference; fileEncoding = 4; lastKnownFileType = sourcecode.swift; path = AnimationBlockView.swift; sourceTree = "<group>"; };
		2D03D1001CA3EDEF00ED8B7E /* BaseRequest.swift */ = {isa = PBXFileReference; fileEncoding = 4; lastKnownFileType = sourcecode.swift; path = BaseRequest.swift; sourceTree = "<group>"; };
		2D03D1011CA3EDEF00ED8B7E /* BaseResult.swift */ = {isa = PBXFileReference; fileEncoding = 4; lastKnownFileType = sourcecode.swift; path = BaseResult.swift; sourceTree = "<group>"; };
		2D03D1021CA3EDEF00ED8B7E /* HttpConstants.swift */ = {isa = PBXFileReference; fileEncoding = 4; lastKnownFileType = sourcecode.swift; path = HttpConstants.swift; sourceTree = "<group>"; };
		2D03D1091CA3EE7C00ED8B7E /* UIView+Extension.swift */ = {isa = PBXFileReference; fileEncoding = 4; lastKnownFileType = sourcecode.swift; path = "UIView+Extension.swift"; sourceTree = "<group>"; };
		2D143BD21C9C566A00C11099 /* BeeVideo.app */ = {isa = PBXFileReference; explicitFileType = wrapper.application; includeInIndex = 0; path = BeeVideo.app; sourceTree = BUILT_PRODUCTS_DIR; };
		2D143BDD1C9C566A00C11099 /* BeeVideo.xcdatamodel */ = {isa = PBXFileReference; lastKnownFileType = wrapper.xcdatamodel; path = BeeVideo.xcdatamodel; sourceTree = "<group>"; };
		2D143BE21C9C566A00C11099 /* Base */ = {isa = PBXFileReference; lastKnownFileType = file.storyboard; name = Base; path = Base.lproj/LaunchScreen.storyboard; sourceTree = "<group>"; };
		2D143BE91C9C566A00C11099 /* BeeVideoTests.xctest */ = {isa = PBXFileReference; explicitFileType = wrapper.cfbundle; includeInIndex = 0; path = BeeVideoTests.xctest; sourceTree = BUILT_PRODUCTS_DIR; };
		2D143BED1C9C566A00C11099 /* BeeVideoTests.swift */ = {isa = PBXFileReference; lastKnownFileType = sourcecode.swift; path = BeeVideoTests.swift; sourceTree = "<group>"; };
		2D143BEF1C9C566A00C11099 /* Info.plist */ = {isa = PBXFileReference; lastKnownFileType = text.plist.xml; path = Info.plist; sourceTree = "<group>"; };
		2D143BF41C9C566A00C11099 /* BeeVideoUITests.xctest */ = {isa = PBXFileReference; explicitFileType = wrapper.cfbundle; includeInIndex = 0; path = BeeVideoUITests.xctest; sourceTree = BUILT_PRODUCTS_DIR; };
		2D143BF81C9C566A00C11099 /* BeeVideoUITests.swift */ = {isa = PBXFileReference; lastKnownFileType = sourcecode.swift; path = BeeVideoUITests.swift; sourceTree = "<group>"; };
		2D143BFA1C9C566A00C11099 /* Info.plist */ = {isa = PBXFileReference; lastKnownFileType = text.plist.xml; path = Info.plist; sourceTree = "<group>"; };
		2D143C0F1C9C5C5600C11099 /* BaseViewController.swift */ = {isa = PBXFileReference; fileEncoding = 4; lastKnownFileType = sourcecode.swift; path = BaseViewController.swift; sourceTree = "<group>"; };
		2D143C111C9C5E3700C11099 /* TableTitleView.swift */ = {isa = PBXFileReference; fileEncoding = 4; lastKnownFileType = sourcecode.swift; path = TableTitleView.swift; sourceTree = "<group>"; };
		2D4B22701CC0DB130083E9FE /* Assets.xcassets */ = {isa = PBXFileReference; lastKnownFileType = folder.assetcatalog; path = Assets.xcassets; sourceTree = "<group>"; };
		2D54DDE81C9D269C007362F2 /* BasePageView.swift */ = {isa = PBXFileReference; fileEncoding = 4; lastKnownFileType = sourcecode.swift; path = BasePageView.swift; sourceTree = "<group>"; };
		2D54DDEA1C9D27A5007362F2 /* RemmondedPageView.swift */ = {isa = PBXFileReference; fileEncoding = 4; lastKnownFileType = sourcecode.swift; path = RemmondedPageView.swift; sourceTree = "<group>"; };
		2D54DDEC1C9D2865007362F2 /* DataFactory.swift */ = {isa = PBXFileReference; fileEncoding = 4; lastKnownFileType = sourcecode.swift; path = DataFactory.swift; sourceTree = "<group>"; };
		2D54DDEE1C9D2892007362F2 /* CycleItemInfo.swift */ = {isa = PBXFileReference; fileEncoding = 4; lastKnownFileType = sourcecode.swift; path = CycleItemInfo.swift; sourceTree = "<group>"; };
		2D54DDF01C9D339C007362F2 /* BlockView.swift */ = {isa = PBXFileReference; fileEncoding = 4; lastKnownFileType = sourcecode.swift; path = BlockView.swift; sourceTree = "<group>"; };
		2D54DDF21C9D39B7007362F2 /* VideoPageView.swift */ = {isa = PBXFileReference; fileEncoding = 4; lastKnownFileType = sourcecode.swift; path = VideoPageView.swift; sourceTree = "<group>"; };
		2D54DDF41C9D3A20007362F2 /* LivePageView.swift */ = {isa = PBXFileReference; fileEncoding = 4; lastKnownFileType = sourcecode.swift; path = LivePageView.swift; sourceTree = "<group>"; };
		2D54DDF61C9D3A5A007362F2 /* SettingPageView.swift */ = {isa = PBXFileReference; fileEncoding = 4; lastKnownFileType = sourcecode.swift; path = SettingPageView.swift; sourceTree = "<group>"; };
		2D54DE331C9D5444007362F2 /* BeeVideo-Bridging-Header.h */ = {isa = PBXFileReference; lastKnownFileType = sourcecode.c.h; path = "BeeVideo-Bridging-Header.h"; sourceTree = "<group>"; };
		2D5CA0B71CA4E38F00F0F20E /* CornerImageView.swift */ = {isa = PBXFileReference; fileEncoding = 4; lastKnownFileType = sourcecode.swift; path = CornerImageView.swift; sourceTree = "<group>"; };
		2D9163931CC47E3E0045163A /* FavTableViewCell.swift */ = {isa = PBXFileReference; fileEncoding = 4; lastKnownFileType = sourcecode.swift; name = FavTableViewCell.swift; path = TableCell/FavTableViewCell.swift; sourceTree = "<group>"; };
		2D9163971CC4C2D50045163A /* FavTableViewCell.xib */ = {isa = PBXFileReference; fileEncoding = 4; lastKnownFileType = file.xib; name = FavTableViewCell.xib; path = TableCell/FavTableViewCell.xib; sourceTree = "<group>"; };
		2D91639B1CC4DA5A0045163A /* UIImage+WebP.h */ = {isa = PBXFileReference; fileEncoding = 4; lastKnownFileType = sourcecode.c.h; path = "UIImage+WebP.h"; sourceTree = "<group>"; };
		2D91639C1CC4DA5A0045163A /* UIImage+WebP.m */ = {isa = PBXFileReference; fileEncoding = 4; lastKnownFileType = sourcecode.c.objc; path = "UIImage+WebP.m"; sourceTree = "<group>"; };
		2D91639D1CC4DA5A0045163A /* WebP.framework */ = {isa = PBXFileReference; lastKnownFileType = wrapper.framework; path = WebP.framework; sourceTree = "<group>"; };
		2D91639F1CC4DA5A0045163A /* SXColorGradientView.h */ = {isa = PBXFileReference; fileEncoding = 4; lastKnownFileType = sourcecode.c.h; path = SXColorGradientView.h; sourceTree = "<group>"; };
		2D9163A01CC4DA5A0045163A /* SXColorGradientView.m */ = {isa = PBXFileReference; fileEncoding = 4; lastKnownFileType = sourcecode.c.objc; path = SXColorGradientView.m; sourceTree = "<group>"; };
		2D9163A11CC4DA5A0045163A /* SXColorLabel.h */ = {isa = PBXFileReference; fileEncoding = 4; lastKnownFileType = sourcecode.c.h; path = SXColorLabel.h; sourceTree = "<group>"; };
		2D9163A21CC4DA5A0045163A /* SXColorLabel.m */ = {isa = PBXFileReference; fileEncoding = 4; lastKnownFileType = sourcecode.c.objc; path = SXColorLabel.m; sourceTree = "<group>"; };
		2D9163A31CC4DA5A0045163A /* SXMarquee.h */ = {isa = PBXFileReference; fileEncoding = 4; lastKnownFileType = sourcecode.c.h; path = SXMarquee.h; sourceTree = "<group>"; };
		2D9163A41CC4DA5A0045163A /* SXMarquee.m */ = {isa = PBXFileReference; fileEncoding = 4; lastKnownFileType = sourcecode.c.objc; path = SXMarquee.m; sourceTree = "<group>"; };
		2D9163A51CC4DA5A0045163A /* UIColor+Separate.h */ = {isa = PBXFileReference; fileEncoding = 4; lastKnownFileType = sourcecode.c.h; path = "UIColor+Separate.h"; sourceTree = "<group>"; };
		2D9163A61CC4DA5A0045163A /* UIColor+Separate.m */ = {isa = PBXFileReference; fileEncoding = 4; lastKnownFileType = sourcecode.c.objc; path = "UIColor+Separate.m"; sourceTree = "<group>"; };
		2D9163A71CC4DA5A0045163A /* UIColor+Wonderful.h */ = {isa = PBXFileReference; fileEncoding = 4; lastKnownFileType = sourcecode.c.h; path = "UIColor+Wonderful.h"; sourceTree = "<group>"; };
		2D9163A81CC4DA5A0045163A /* UIColor+Wonderful.m */ = {isa = PBXFileReference; fileEncoding = 4; lastKnownFileType = sourcecode.c.objc; path = "UIColor+Wonderful.m"; sourceTree = "<group>"; };
		2D9163AA1CC4DA5A0045163A /* MKAnnotationView+WebCache.h */ = {isa = PBXFileReference; fileEncoding = 4; lastKnownFileType = sourcecode.c.h; path = "MKAnnotationView+WebCache.h"; sourceTree = "<group>"; };
		2D9163AB1CC4DA5A0045163A /* MKAnnotationView+WebCache.m */ = {isa = PBXFileReference; fileEncoding = 4; lastKnownFileType = sourcecode.c.objc; path = "MKAnnotationView+WebCache.m"; sourceTree = "<group>"; };
		2D9163AC1CC4DA5A0045163A /* NSData+ImageContentType.h */ = {isa = PBXFileReference; fileEncoding = 4; lastKnownFileType = sourcecode.c.h; path = "NSData+ImageContentType.h"; sourceTree = "<group>"; };
		2D9163AD1CC4DA5A0045163A /* NSData+ImageContentType.m */ = {isa = PBXFileReference; fileEncoding = 4; lastKnownFileType = sourcecode.c.objc; path = "NSData+ImageContentType.m"; sourceTree = "<group>"; };
		2D9163AE1CC4DA5A0045163A /* SDImageCache.h */ = {isa = PBXFileReference; fileEncoding = 4; lastKnownFileType = sourcecode.c.h; path = SDImageCache.h; sourceTree = "<group>"; };
		2D9163AF1CC4DA5A0045163A /* SDImageCache.m */ = {isa = PBXFileReference; fileEncoding = 4; lastKnownFileType = sourcecode.c.objc; path = SDImageCache.m; sourceTree = "<group>"; };
		2D9163B01CC4DA5A0045163A /* SDWebImageCompat.h */ = {isa = PBXFileReference; fileEncoding = 4; lastKnownFileType = sourcecode.c.h; path = SDWebImageCompat.h; sourceTree = "<group>"; };
		2D9163B11CC4DA5A0045163A /* SDWebImageCompat.m */ = {isa = PBXFileReference; fileEncoding = 4; lastKnownFileType = sourcecode.c.objc; path = SDWebImageCompat.m; sourceTree = "<group>"; };
		2D9163B21CC4DA5A0045163A /* SDWebImageDecoder.h */ = {isa = PBXFileReference; fileEncoding = 4; lastKnownFileType = sourcecode.c.h; path = SDWebImageDecoder.h; sourceTree = "<group>"; };
		2D9163B31CC4DA5A0045163A /* SDWebImageDecoder.m */ = {isa = PBXFileReference; fileEncoding = 4; lastKnownFileType = sourcecode.c.objc; path = SDWebImageDecoder.m; sourceTree = "<group>"; };
		2D9163B41CC4DA5A0045163A /* SDWebImageDownloader.h */ = {isa = PBXFileReference; fileEncoding = 4; lastKnownFileType = sourcecode.c.h; path = SDWebImageDownloader.h; sourceTree = "<group>"; };
		2D9163B51CC4DA5A0045163A /* SDWebImageDownloader.m */ = {isa = PBXFileReference; fileEncoding = 4; lastKnownFileType = sourcecode.c.objc; path = SDWebImageDownloader.m; sourceTree = "<group>"; };
		2D9163B61CC4DA5A0045163A /* SDWebImageDownloaderOperation.h */ = {isa = PBXFileReference; fileEncoding = 4; lastKnownFileType = sourcecode.c.h; path = SDWebImageDownloaderOperation.h; sourceTree = "<group>"; };
		2D9163B71CC4DA5A0045163A /* SDWebImageDownloaderOperation.m */ = {isa = PBXFileReference; fileEncoding = 4; lastKnownFileType = sourcecode.c.objc; path = SDWebImageDownloaderOperation.m; sourceTree = "<group>"; };
		2D9163B81CC4DA5A0045163A /* SDWebImageManager.h */ = {isa = PBXFileReference; fileEncoding = 4; lastKnownFileType = sourcecode.c.h; path = SDWebImageManager.h; sourceTree = "<group>"; };
		2D9163B91CC4DA5A0045163A /* SDWebImageManager.m */ = {isa = PBXFileReference; fileEncoding = 4; lastKnownFileType = sourcecode.c.objc; path = SDWebImageManager.m; sourceTree = "<group>"; };
		2D9163BA1CC4DA5A0045163A /* SDWebImageOperation.h */ = {isa = PBXFileReference; fileEncoding = 4; lastKnownFileType = sourcecode.c.h; path = SDWebImageOperation.h; sourceTree = "<group>"; };
		2D9163BB1CC4DA5A0045163A /* SDWebImagePrefetcher.h */ = {isa = PBXFileReference; fileEncoding = 4; lastKnownFileType = sourcecode.c.h; path = SDWebImagePrefetcher.h; sourceTree = "<group>"; };
		2D9163BC1CC4DA5A0045163A /* SDWebImagePrefetcher.m */ = {isa = PBXFileReference; fileEncoding = 4; lastKnownFileType = sourcecode.c.objc; path = SDWebImagePrefetcher.m; sourceTree = "<group>"; };
		2D9163BD1CC4DA5A0045163A /* UIButton+WebCache.h */ = {isa = PBXFileReference; fileEncoding = 4; lastKnownFileType = sourcecode.c.h; path = "UIButton+WebCache.h"; sourceTree = "<group>"; };
		2D9163BE1CC4DA5A0045163A /* UIButton+WebCache.m */ = {isa = PBXFileReference; fileEncoding = 4; lastKnownFileType = sourcecode.c.objc; path = "UIButton+WebCache.m"; sourceTree = "<group>"; };
		2D9163BF1CC4DA5A0045163A /* UIImage+GIF.h */ = {isa = PBXFileReference; fileEncoding = 4; lastKnownFileType = sourcecode.c.h; path = "UIImage+GIF.h"; sourceTree = "<group>"; };
		2D9163C01CC4DA5A0045163A /* UIImage+GIF.m */ = {isa = PBXFileReference; fileEncoding = 4; lastKnownFileType = sourcecode.c.objc; path = "UIImage+GIF.m"; sourceTree = "<group>"; };
		2D9163C11CC4DA5A0045163A /* UIImage+MultiFormat.h */ = {isa = PBXFileReference; fileEncoding = 4; lastKnownFileType = sourcecode.c.h; path = "UIImage+MultiFormat.h"; sourceTree = "<group>"; };
		2D9163C21CC4DA5A0045163A /* UIImage+MultiFormat.m */ = {isa = PBXFileReference; fileEncoding = 4; lastKnownFileType = sourcecode.c.objc; path = "UIImage+MultiFormat.m"; sourceTree = "<group>"; };
		2D9163C31CC4DA5A0045163A /* UIImage+WebP.h */ = {isa = PBXFileReference; fileEncoding = 4; lastKnownFileType = sourcecode.c.h; path = "UIImage+WebP.h"; sourceTree = "<group>"; };
		2D9163C41CC4DA5A0045163A /* UIImage+WebP.m */ = {isa = PBXFileReference; fileEncoding = 4; lastKnownFileType = sourcecode.c.objc; path = "UIImage+WebP.m"; sourceTree = "<group>"; };
		2D9163C51CC4DA5A0045163A /* UIImageView+HighlightedWebCache.h */ = {isa = PBXFileReference; fileEncoding = 4; lastKnownFileType = sourcecode.c.h; path = "UIImageView+HighlightedWebCache.h"; sourceTree = "<group>"; };
		2D9163C61CC4DA5A0045163A /* UIImageView+HighlightedWebCache.m */ = {isa = PBXFileReference; fileEncoding = 4; lastKnownFileType = sourcecode.c.objc; path = "UIImageView+HighlightedWebCache.m"; sourceTree = "<group>"; };
		2D9163C71CC4DA5A0045163A /* UIImageView+WebCache.h */ = {isa = PBXFileReference; fileEncoding = 4; lastKnownFileType = sourcecode.c.h; path = "UIImageView+WebCache.h"; sourceTree = "<group>"; };
		2D9163C81CC4DA5A0045163A /* UIImageView+WebCache.m */ = {isa = PBXFileReference; fileEncoding = 4; lastKnownFileType = sourcecode.c.objc; path = "UIImageView+WebCache.m"; sourceTree = "<group>"; };
		2D9163C91CC4DA5A0045163A /* UIView+WebCacheOperation.h */ = {isa = PBXFileReference; fileEncoding = 4; lastKnownFileType = sourcecode.c.h; path = "UIView+WebCacheOperation.h"; sourceTree = "<group>"; };
		2D9163CA1CC4DA5A0045163A /* UIView+WebCacheOperation.m */ = {isa = PBXFileReference; fileEncoding = 4; lastKnownFileType = sourcecode.c.objc; path = "UIView+WebCacheOperation.m"; sourceTree = "<group>"; };
		2D9163E51CC4DAD50045163A /* avcodec.h */ = {isa = PBXFileReference; fileEncoding = 4; lastKnownFileType = sourcecode.c.h; path = avcodec.h; sourceTree = "<group>"; };
		2D9163E61CC4DAD50045163A /* avfft.h */ = {isa = PBXFileReference; fileEncoding = 4; lastKnownFileType = sourcecode.c.h; path = avfft.h; sourceTree = "<group>"; };
		2D9163E71CC4DAD50045163A /* d3d11va.h */ = {isa = PBXFileReference; fileEncoding = 4; lastKnownFileType = sourcecode.c.h; path = d3d11va.h; sourceTree = "<group>"; };
		2D9163E81CC4DAD50045163A /* dv_profile.h */ = {isa = PBXFileReference; fileEncoding = 4; lastKnownFileType = sourcecode.c.h; path = dv_profile.h; sourceTree = "<group>"; };
		2D9163E91CC4DAD50045163A /* dxva2.h */ = {isa = PBXFileReference; fileEncoding = 4; lastKnownFileType = sourcecode.c.h; path = dxva2.h; sourceTree = "<group>"; };
		2D9163EA1CC4DAD50045163A /* old_codec_ids.h */ = {isa = PBXFileReference; fileEncoding = 4; lastKnownFileType = sourcecode.c.h; path = old_codec_ids.h; sourceTree = "<group>"; };
		2D9163EB1CC4DAD50045163A /* qsv.h */ = {isa = PBXFileReference; fileEncoding = 4; lastKnownFileType = sourcecode.c.h; path = qsv.h; sourceTree = "<group>"; };
		2D9163EC1CC4DAD50045163A /* vaapi.h */ = {isa = PBXFileReference; fileEncoding = 4; lastKnownFileType = sourcecode.c.h; path = vaapi.h; sourceTree = "<group>"; };
		2D9163ED1CC4DAD50045163A /* vda.h */ = {isa = PBXFileReference; fileEncoding = 4; lastKnownFileType = sourcecode.c.h; path = vda.h; sourceTree = "<group>"; };
		2D9163EE1CC4DAD50045163A /* vdpau.h */ = {isa = PBXFileReference; fileEncoding = 4; lastKnownFileType = sourcecode.c.h; path = vdpau.h; sourceTree = "<group>"; };
		2D9163EF1CC4DAD50045163A /* version.h */ = {isa = PBXFileReference; fileEncoding = 4; lastKnownFileType = sourcecode.c.h; path = version.h; sourceTree = "<group>"; };
		2D9163F01CC4DAD50045163A /* vorbis_parser.h */ = {isa = PBXFileReference; fileEncoding = 4; lastKnownFileType = sourcecode.c.h; path = vorbis_parser.h; sourceTree = "<group>"; };
		2D9163F11CC4DAD50045163A /* xvmc.h */ = {isa = PBXFileReference; fileEncoding = 4; lastKnownFileType = sourcecode.c.h; path = xvmc.h; sourceTree = "<group>"; };
		2D9163F31CC4DAD50045163A /* avdevice.h */ = {isa = PBXFileReference; fileEncoding = 4; lastKnownFileType = sourcecode.c.h; path = avdevice.h; sourceTree = "<group>"; };
		2D9163F41CC4DAD50045163A /* version.h */ = {isa = PBXFileReference; fileEncoding = 4; lastKnownFileType = sourcecode.c.h; path = version.h; sourceTree = "<group>"; };
		2D9163F61CC4DAD50045163A /* asrc_abuffer.h */ = {isa = PBXFileReference; fileEncoding = 4; lastKnownFileType = sourcecode.c.h; path = asrc_abuffer.h; sourceTree = "<group>"; };
		2D9163F71CC4DAD50045163A /* avcodec.h */ = {isa = PBXFileReference; fileEncoding = 4; lastKnownFileType = sourcecode.c.h; path = avcodec.h; sourceTree = "<group>"; };
		2D9163F81CC4DAD50045163A /* avfilter.h */ = {isa = PBXFileReference; fileEncoding = 4; lastKnownFileType = sourcecode.c.h; path = avfilter.h; sourceTree = "<group>"; };
		2D9163F91CC4DAD50045163A /* avfiltergraph.h */ = {isa = PBXFileReference; fileEncoding = 4; lastKnownFileType = sourcecode.c.h; path = avfiltergraph.h; sourceTree = "<group>"; };
		2D9163FA1CC4DAD50045163A /* buffersink.h */ = {isa = PBXFileReference; fileEncoding = 4; lastKnownFileType = sourcecode.c.h; path = buffersink.h; sourceTree = "<group>"; };
		2D9163FB1CC4DAD50045163A /* buffersrc.h */ = {isa = PBXFileReference; fileEncoding = 4; lastKnownFileType = sourcecode.c.h; path = buffersrc.h; sourceTree = "<group>"; };
		2D9163FC1CC4DAD50045163A /* version.h */ = {isa = PBXFileReference; fileEncoding = 4; lastKnownFileType = sourcecode.c.h; path = version.h; sourceTree = "<group>"; };
		2D9163FE1CC4DAD50045163A /* avformat.h */ = {isa = PBXFileReference; fileEncoding = 4; lastKnownFileType = sourcecode.c.h; path = avformat.h; sourceTree = "<group>"; };
		2D9163FF1CC4DAD50045163A /* avio.h */ = {isa = PBXFileReference; fileEncoding = 4; lastKnownFileType = sourcecode.c.h; path = avio.h; sourceTree = "<group>"; };
		2D9164001CC4DAD50045163A /* version.h */ = {isa = PBXFileReference; fileEncoding = 4; lastKnownFileType = sourcecode.c.h; path = version.h; sourceTree = "<group>"; };
		2D9164021CC4DAD50045163A /* adler32.h */ = {isa = PBXFileReference; fileEncoding = 4; lastKnownFileType = sourcecode.c.h; path = adler32.h; sourceTree = "<group>"; };
		2D9164031CC4DAD50045163A /* aes.h */ = {isa = PBXFileReference; fileEncoding = 4; lastKnownFileType = sourcecode.c.h; path = aes.h; sourceTree = "<group>"; };
		2D9164041CC4DAD50045163A /* attributes.h */ = {isa = PBXFileReference; fileEncoding = 4; lastKnownFileType = sourcecode.c.h; path = attributes.h; sourceTree = "<group>"; };
		2D9164051CC4DAD50045163A /* audio_fifo.h */ = {isa = PBXFileReference; fileEncoding = 4; lastKnownFileType = sourcecode.c.h; path = audio_fifo.h; sourceTree = "<group>"; };
		2D9164061CC4DAD50045163A /* audioconvert.h */ = {isa = PBXFileReference; fileEncoding = 4; lastKnownFileType = sourcecode.c.h; path = audioconvert.h; sourceTree = "<group>"; };
		2D9164071CC4DAD50045163A /* avassert.h */ = {isa = PBXFileReference; fileEncoding = 4; lastKnownFileType = sourcecode.c.h; path = avassert.h; sourceTree = "<group>"; };
		2D9164081CC4DAD50045163A /* avconfig.h */ = {isa = PBXFileReference; fileEncoding = 4; lastKnownFileType = sourcecode.c.h; path = avconfig.h; sourceTree = "<group>"; };
		2D9164091CC4DAD50045163A /* avstring.h */ = {isa = PBXFileReference; fileEncoding = 4; lastKnownFileType = sourcecode.c.h; path = avstring.h; sourceTree = "<group>"; };
		2D91640A1CC4DAD50045163A /* avutil.h */ = {isa = PBXFileReference; fileEncoding = 4; lastKnownFileType = sourcecode.c.h; path = avutil.h; sourceTree = "<group>"; };
		2D91640B1CC4DAD50045163A /* base64.h */ = {isa = PBXFileReference; fileEncoding = 4; lastKnownFileType = sourcecode.c.h; path = base64.h; sourceTree = "<group>"; };
		2D91640C1CC4DAD50045163A /* blowfish.h */ = {isa = PBXFileReference; fileEncoding = 4; lastKnownFileType = sourcecode.c.h; path = blowfish.h; sourceTree = "<group>"; };
		2D91640D1CC4DAD50045163A /* bprint.h */ = {isa = PBXFileReference; fileEncoding = 4; lastKnownFileType = sourcecode.c.h; path = bprint.h; sourceTree = "<group>"; };
		2D91640E1CC4DAD50045163A /* bswap.h */ = {isa = PBXFileReference; fileEncoding = 4; lastKnownFileType = sourcecode.c.h; path = bswap.h; sourceTree = "<group>"; };
		2D91640F1CC4DAD50045163A /* buffer.h */ = {isa = PBXFileReference; fileEncoding = 4; lastKnownFileType = sourcecode.c.h; path = buffer.h; sourceTree = "<group>"; };
		2D9164101CC4DAD50045163A /* camellia.h */ = {isa = PBXFileReference; fileEncoding = 4; lastKnownFileType = sourcecode.c.h; path = camellia.h; sourceTree = "<group>"; };
		2D9164111CC4DAD50045163A /* cast5.h */ = {isa = PBXFileReference; fileEncoding = 4; lastKnownFileType = sourcecode.c.h; path = cast5.h; sourceTree = "<group>"; };
		2D9164121CC4DAD50045163A /* channel_layout.h */ = {isa = PBXFileReference; fileEncoding = 4; lastKnownFileType = sourcecode.c.h; path = channel_layout.h; sourceTree = "<group>"; };
		2D9164131CC4DAD50045163A /* common.h */ = {isa = PBXFileReference; fileEncoding = 4; lastKnownFileType = sourcecode.c.h; path = common.h; sourceTree = "<group>"; };
		2D9164141CC4DAD50045163A /* cpu.h */ = {isa = PBXFileReference; fileEncoding = 4; lastKnownFileType = sourcecode.c.h; path = cpu.h; sourceTree = "<group>"; };
		2D9164151CC4DAD50045163A /* crc.h */ = {isa = PBXFileReference; fileEncoding = 4; lastKnownFileType = sourcecode.c.h; path = crc.h; sourceTree = "<group>"; };
		2D9164161CC4DAD50045163A /* dict.h */ = {isa = PBXFileReference; fileEncoding = 4; lastKnownFileType = sourcecode.c.h; path = dict.h; sourceTree = "<group>"; };
		2D9164171CC4DAD50045163A /* display.h */ = {isa = PBXFileReference; fileEncoding = 4; lastKnownFileType = sourcecode.c.h; path = display.h; sourceTree = "<group>"; };
		2D9164181CC4DAD50045163A /* downmix_info.h */ = {isa = PBXFileReference; fileEncoding = 4; lastKnownFileType = sourcecode.c.h; path = downmix_info.h; sourceTree = "<group>"; };
		2D9164191CC4DAD50045163A /* error.h */ = {isa = PBXFileReference; fileEncoding = 4; lastKnownFileType = sourcecode.c.h; path = error.h; sourceTree = "<group>"; };
		2D91641A1CC4DAD50045163A /* eval.h */ = {isa = PBXFileReference; fileEncoding = 4; lastKnownFileType = sourcecode.c.h; path = eval.h; sourceTree = "<group>"; };
		2D91641B1CC4DAD50045163A /* ffversion.h */ = {isa = PBXFileReference; fileEncoding = 4; lastKnownFileType = sourcecode.c.h; path = ffversion.h; sourceTree = "<group>"; };
		2D91641C1CC4DAD50045163A /* fifo.h */ = {isa = PBXFileReference; fileEncoding = 4; lastKnownFileType = sourcecode.c.h; path = fifo.h; sourceTree = "<group>"; };
		2D91641D1CC4DAD50045163A /* file.h */ = {isa = PBXFileReference; fileEncoding = 4; lastKnownFileType = sourcecode.c.h; path = file.h; sourceTree = "<group>"; };
		2D91641E1CC4DAD50045163A /* frame.h */ = {isa = PBXFileReference; fileEncoding = 4; lastKnownFileType = sourcecode.c.h; path = frame.h; sourceTree = "<group>"; };
		2D91641F1CC4DAD50045163A /* hash.h */ = {isa = PBXFileReference; fileEncoding = 4; lastKnownFileType = sourcecode.c.h; path = hash.h; sourceTree = "<group>"; };
		2D9164201CC4DAD50045163A /* hmac.h */ = {isa = PBXFileReference; fileEncoding = 4; lastKnownFileType = sourcecode.c.h; path = hmac.h; sourceTree = "<group>"; };
		2D9164211CC4DAD50045163A /* imgutils.h */ = {isa = PBXFileReference; fileEncoding = 4; lastKnownFileType = sourcecode.c.h; path = imgutils.h; sourceTree = "<group>"; };
		2D9164221CC4DAD50045163A /* intfloat.h */ = {isa = PBXFileReference; fileEncoding = 4; lastKnownFileType = sourcecode.c.h; path = intfloat.h; sourceTree = "<group>"; };
		2D9164231CC4DAD50045163A /* intreadwrite.h */ = {isa = PBXFileReference; fileEncoding = 4; lastKnownFileType = sourcecode.c.h; path = intreadwrite.h; sourceTree = "<group>"; };
		2D9164241CC4DAD50045163A /* lfg.h */ = {isa = PBXFileReference; fileEncoding = 4; lastKnownFileType = sourcecode.c.h; path = lfg.h; sourceTree = "<group>"; };
		2D9164251CC4DAD50045163A /* log.h */ = {isa = PBXFileReference; fileEncoding = 4; lastKnownFileType = sourcecode.c.h; path = log.h; sourceTree = "<group>"; };
		2D9164261CC4DAD50045163A /* lzo.h */ = {isa = PBXFileReference; fileEncoding = 4; lastKnownFileType = sourcecode.c.h; path = lzo.h; sourceTree = "<group>"; };
		2D9164271CC4DAD50045163A /* macros.h */ = {isa = PBXFileReference; fileEncoding = 4; lastKnownFileType = sourcecode.c.h; path = macros.h; sourceTree = "<group>"; };
		2D9164281CC4DAD50045163A /* mathematics.h */ = {isa = PBXFileReference; fileEncoding = 4; lastKnownFileType = sourcecode.c.h; path = mathematics.h; sourceTree = "<group>"; };
		2D9164291CC4DAD50045163A /* md5.h */ = {isa = PBXFileReference; fileEncoding = 4; lastKnownFileType = sourcecode.c.h; path = md5.h; sourceTree = "<group>"; };
		2D91642A1CC4DAD50045163A /* mem.h */ = {isa = PBXFileReference; fileEncoding = 4; lastKnownFileType = sourcecode.c.h; path = mem.h; sourceTree = "<group>"; };
		2D91642B1CC4DAD50045163A /* motion_vector.h */ = {isa = PBXFileReference; fileEncoding = 4; lastKnownFileType = sourcecode.c.h; path = motion_vector.h; sourceTree = "<group>"; };
		2D91642C1CC4DAD50045163A /* murmur3.h */ = {isa = PBXFileReference; fileEncoding = 4; lastKnownFileType = sourcecode.c.h; path = murmur3.h; sourceTree = "<group>"; };
		2D91642D1CC4DAD50045163A /* old_pix_fmts.h */ = {isa = PBXFileReference; fileEncoding = 4; lastKnownFileType = sourcecode.c.h; path = old_pix_fmts.h; sourceTree = "<group>"; };
		2D91642E1CC4DAD50045163A /* opt.h */ = {isa = PBXFileReference; fileEncoding = 4; lastKnownFileType = sourcecode.c.h; path = opt.h; sourceTree = "<group>"; };
		2D91642F1CC4DAD50045163A /* parseutils.h */ = {isa = PBXFileReference; fileEncoding = 4; lastKnownFileType = sourcecode.c.h; path = parseutils.h; sourceTree = "<group>"; };
		2D9164301CC4DAD50045163A /* pixdesc.h */ = {isa = PBXFileReference; fileEncoding = 4; lastKnownFileType = sourcecode.c.h; path = pixdesc.h; sourceTree = "<group>"; };
		2D9164311CC4DAD50045163A /* pixelutils.h */ = {isa = PBXFileReference; fileEncoding = 4; lastKnownFileType = sourcecode.c.h; path = pixelutils.h; sourceTree = "<group>"; };
		2D9164321CC4DAD50045163A /* pixfmt.h */ = {isa = PBXFileReference; fileEncoding = 4; lastKnownFileType = sourcecode.c.h; path = pixfmt.h; sourceTree = "<group>"; };
		2D9164331CC4DAD50045163A /* random_seed.h */ = {isa = PBXFileReference; fileEncoding = 4; lastKnownFileType = sourcecode.c.h; path = random_seed.h; sourceTree = "<group>"; };
		2D9164341CC4DAD50045163A /* rational.h */ = {isa = PBXFileReference; fileEncoding = 4; lastKnownFileType = sourcecode.c.h; path = rational.h; sourceTree = "<group>"; };
		2D9164351CC4DAD50045163A /* replaygain.h */ = {isa = PBXFileReference; fileEncoding = 4; lastKnownFileType = sourcecode.c.h; path = replaygain.h; sourceTree = "<group>"; };
		2D9164361CC4DAD50045163A /* ripemd.h */ = {isa = PBXFileReference; fileEncoding = 4; lastKnownFileType = sourcecode.c.h; path = ripemd.h; sourceTree = "<group>"; };
		2D9164371CC4DAD50045163A /* samplefmt.h */ = {isa = PBXFileReference; fileEncoding = 4; lastKnownFileType = sourcecode.c.h; path = samplefmt.h; sourceTree = "<group>"; };
		2D9164381CC4DAD50045163A /* sha.h */ = {isa = PBXFileReference; fileEncoding = 4; lastKnownFileType = sourcecode.c.h; path = sha.h; sourceTree = "<group>"; };
		2D9164391CC4DAD50045163A /* sha512.h */ = {isa = PBXFileReference; fileEncoding = 4; lastKnownFileType = sourcecode.c.h; path = sha512.h; sourceTree = "<group>"; };
		2D91643A1CC4DAD50045163A /* stereo3d.h */ = {isa = PBXFileReference; fileEncoding = 4; lastKnownFileType = sourcecode.c.h; path = stereo3d.h; sourceTree = "<group>"; };
		2D91643B1CC4DAD50045163A /* threadmessage.h */ = {isa = PBXFileReference; fileEncoding = 4; lastKnownFileType = sourcecode.c.h; path = threadmessage.h; sourceTree = "<group>"; };
		2D91643C1CC4DAD50045163A /* time.h */ = {isa = PBXFileReference; fileEncoding = 4; lastKnownFileType = sourcecode.c.h; path = time.h; sourceTree = "<group>"; };
		2D91643D1CC4DAD50045163A /* timecode.h */ = {isa = PBXFileReference; fileEncoding = 4; lastKnownFileType = sourcecode.c.h; path = timecode.h; sourceTree = "<group>"; };
		2D91643E1CC4DAD50045163A /* timestamp.h */ = {isa = PBXFileReference; fileEncoding = 4; lastKnownFileType = sourcecode.c.h; path = timestamp.h; sourceTree = "<group>"; };
		2D91643F1CC4DAD50045163A /* twofish.h */ = {isa = PBXFileReference; fileEncoding = 4; lastKnownFileType = sourcecode.c.h; path = twofish.h; sourceTree = "<group>"; };
		2D9164401CC4DAD50045163A /* version.h */ = {isa = PBXFileReference; fileEncoding = 4; lastKnownFileType = sourcecode.c.h; path = version.h; sourceTree = "<group>"; };
		2D9164411CC4DAD50045163A /* xtea.h */ = {isa = PBXFileReference; fileEncoding = 4; lastKnownFileType = sourcecode.c.h; path = xtea.h; sourceTree = "<group>"; };
		2D9164431CC4DAD50045163A /* swresample.h */ = {isa = PBXFileReference; fileEncoding = 4; lastKnownFileType = sourcecode.c.h; path = swresample.h; sourceTree = "<group>"; };
		2D9164441CC4DAD50045163A /* version.h */ = {isa = PBXFileReference; fileEncoding = 4; lastKnownFileType = sourcecode.c.h; path = version.h; sourceTree = "<group>"; };
		2D9164461CC4DAD50045163A /* swscale.h */ = {isa = PBXFileReference; fileEncoding = 4; lastKnownFileType = sourcecode.c.h; path = swscale.h; sourceTree = "<group>"; };
		2D9164471CC4DAD50045163A /* version.h */ = {isa = PBXFileReference; fileEncoding = 4; lastKnownFileType = sourcecode.c.h; path = version.h; sourceTree = "<group>"; };
		2D9164491CC4DAD50045163A /* libavcodec.a */ = {isa = PBXFileReference; lastKnownFileType = archive.ar; path = libavcodec.a; sourceTree = "<group>"; };
		2D91644A1CC4DAD50045163A /* libavdevice.a */ = {isa = PBXFileReference; lastKnownFileType = archive.ar; path = libavdevice.a; sourceTree = "<group>"; };
		2D91644B1CC4DAD50045163A /* libavfilter.a */ = {isa = PBXFileReference; lastKnownFileType = archive.ar; path = libavfilter.a; sourceTree = "<group>"; };
		2D91644C1CC4DAD50045163A /* libavformat.a */ = {isa = PBXFileReference; lastKnownFileType = archive.ar; path = libavformat.a; sourceTree = "<group>"; };
		2D91644D1CC4DAD50045163A /* libavutil.a */ = {isa = PBXFileReference; lastKnownFileType = archive.ar; path = libavutil.a; sourceTree = "<group>"; };
		2D91644E1CC4DAD50045163A /* libswresample.a */ = {isa = PBXFileReference; lastKnownFileType = archive.ar; path = libswresample.a; sourceTree = "<group>"; };
		2D91644F1CC4DAD50045163A /* libswscale.a */ = {isa = PBXFileReference; lastKnownFileType = archive.ar; path = libswscale.a; sourceTree = "<group>"; };
		2D9164581CC4DADE0045163A /* KxAudioManager.h */ = {isa = PBXFileReference; fileEncoding = 4; lastKnownFileType = sourcecode.c.h; path = KxAudioManager.h; sourceTree = "<group>"; };
		2D9164591CC4DADE0045163A /* KxAudioManager.m */ = {isa = PBXFileReference; fileEncoding = 4; lastKnownFileType = sourcecode.c.objc; path = KxAudioManager.m; sourceTree = "<group>"; };
		2D91645A1CC4DADE0045163A /* KxLogger.h */ = {isa = PBXFileReference; fileEncoding = 4; lastKnownFileType = sourcecode.c.h; path = KxLogger.h; sourceTree = "<group>"; };
		2D91645B1CC4DADE0045163A /* kxmovie-Prefix.pch */ = {isa = PBXFileReference; fileEncoding = 4; lastKnownFileType = sourcecode.c.h; path = "kxmovie-Prefix.pch"; sourceTree = "<group>"; };
		2D91645C1CC4DADE0045163A /* kxmovie.bundle */ = {isa = PBXFileReference; lastKnownFileType = "wrapper.plug-in"; path = kxmovie.bundle; sourceTree = "<group>"; };
		2D91645D1CC4DADE0045163A /* KxMovieDecoder.h */ = {isa = PBXFileReference; fileEncoding = 4; lastKnownFileType = sourcecode.c.h; path = KxMovieDecoder.h; sourceTree = "<group>"; };
		2D91645E1CC4DADE0045163A /* KxMovieDecoder.m */ = {isa = PBXFileReference; fileEncoding = 4; lastKnownFileType = sourcecode.c.objc; path = KxMovieDecoder.m; sourceTree = "<group>"; };
		2D91645F1CC4DADE0045163A /* KxMovieGLView.h */ = {isa = PBXFileReference; fileEncoding = 4; lastKnownFileType = sourcecode.c.h; path = KxMovieGLView.h; sourceTree = "<group>"; };
		2D9164601CC4DADE0045163A /* KxMovieGLView.m */ = {isa = PBXFileReference; fileEncoding = 4; lastKnownFileType = sourcecode.c.objc; path = KxMovieGLView.m; sourceTree = "<group>"; };
		2D9164611CC4DADE0045163A /* KxMovieViewController.h */ = {isa = PBXFileReference; fileEncoding = 4; lastKnownFileType = sourcecode.c.h; path = KxMovieViewController.h; sourceTree = "<group>"; };
		2D9164621CC4DADE0045163A /* KxMovieViewController.m */ = {isa = PBXFileReference; fileEncoding = 4; lastKnownFileType = sourcecode.c.objc; path = KxMovieViewController.m; sourceTree = "<group>"; };
		2D91646A1CC4DF9B0045163A /* libz.tbd */ = {isa = PBXFileReference; lastKnownFileType = "sourcecode.text-based-dylib-definition"; name = libz.tbd; path = usr/lib/libz.tbd; sourceTree = SDKROOT; };
		2D91646C1CC4DFEB0045163A /* libbz2.tbd */ = {isa = PBXFileReference; lastKnownFileType = "sourcecode.text-based-dylib-definition"; name = libbz2.tbd; path = usr/lib/libbz2.tbd; sourceTree = SDKROOT; };
		2D91646E1CC4DFFD0045163A /* libiconv.tbd */ = {isa = PBXFileReference; lastKnownFileType = "sourcecode.text-based-dylib-definition"; name = libiconv.tbd; path = usr/lib/libiconv.tbd; sourceTree = SDKROOT; };
		2DB7CFF61CA4D1D600B5CBBD /* Info.plist */ = {isa = PBXFileReference; fileEncoding = 4; lastKnownFileType = text.plist.xml; name = Info.plist; path = ../Info.plist; sourceTree = "<group>"; };
		2DBD25E61CA166BE00E4BC86 /* ViewController.swift */ = {isa = PBXFileReference; fileEncoding = 4; lastKnownFileType = sourcecode.swift; path = ViewController.swift; sourceTree = "<group>"; };
		2DDD4B901CA4D00800CD7F45 /* AppDelegate.swift */ = {isa = PBXFileReference; fileEncoding = 4; lastKnownFileType = sourcecode.swift; path = AppDelegate.swift; sourceTree = "<group>"; };
		2DE7CE591CA1315E004F0D68 /* HomeSpace.swift */ = {isa = PBXFileReference; fileEncoding = 4; lastKnownFileType = sourcecode.swift; path = HomeSpace.swift; sourceTree = "<group>"; };
		2DE7CE5B1CA131D5004F0D68 /* HomeItem.swift */ = {isa = PBXFileReference; fileEncoding = 4; lastKnownFileType = sourcecode.swift; path = HomeItem.swift; sourceTree = "<group>"; };
		2DE7CE5D1CA1326D004F0D68 /* ExtraData.swift */ = {isa = PBXFileReference; fileEncoding = 4; lastKnownFileType = sourcecode.swift; path = ExtraData.swift; sourceTree = "<group>"; };
		2DE7CE5F1CA153BC004F0D68 /* ChannelInfo.swift */ = {isa = PBXFileReference; fileEncoding = 4; lastKnownFileType = sourcecode.swift; path = ChannelInfo.swift; sourceTree = "<group>"; };
		2DE7CE611CA154D7004F0D68 /* ChannelProgram.swift */ = {isa = PBXFileReference; fileEncoding = 4; lastKnownFileType = sourcecode.swift; path = ChannelProgram.swift; sourceTree = "<group>"; };
		2DE7CE631CA163E5004F0D68 /* HomeData.swift */ = {isa = PBXFileReference; fileEncoding = 4; lastKnownFileType = sourcecode.swift; path = HomeData.swift; sourceTree = "<group>"; };
		3133115507B85392C7E5A37A /* Pods.framework */ = {isa = PBXFileReference; explicitFileType = wrapper.framework; includeInIndex = 0; path = Pods.framework; sourceTree = BUILT_PRODUCTS_DIR; };
		395854C8C7FCBCC2AC8708A8 /* Pods.debug.xcconfig */ = {isa = PBXFileReference; includeInIndex = 1; lastKnownFileType = text.xcconfig; name = Pods.debug.xcconfig; path = "Pods/Target Support Files/Pods/Pods.debug.xcconfig"; sourceTree = "<group>"; };
		B3A504FD1CBF8F6000E6201C /* VideoDetailViewController.swift */ = {isa = PBXFileReference; fileEncoding = 4; lastKnownFileType = sourcecode.swift; path = VideoDetailViewController.swift; sourceTree = "<group>"; };
		B3A504FF1CBF911000E6201C /* VideoSourceInfo.swift */ = {isa = PBXFileReference; fileEncoding = 4; lastKnownFileType = sourcecode.swift; path = VideoSourceInfo.swift; sourceTree = "<group>"; };
		B3A505011CBF914100E6201C /* VideoDetailInfo.swift */ = {isa = PBXFileReference; fileEncoding = 4; lastKnownFileType = sourcecode.swift; path = VideoDetailInfo.swift; sourceTree = "<group>"; };
		B3A505031CBF915000E6201C /* Source.swift */ = {isa = PBXFileReference; fileEncoding = 4; lastKnownFileType = sourcecode.swift; path = Source.swift; sourceTree = "<group>"; };
		B3A505051CBF916300E6201C /* Drama.swift */ = {isa = PBXFileReference; fileEncoding = 4; lastKnownFileType = sourcecode.swift; path = Drama.swift; sourceTree = "<group>"; };
		B3ECEF031CC60C9D00F25558 /* AboutView.swift */ = {isa = PBXFileReference; fileEncoding = 4; lastKnownFileType = sourcecode.swift; path = AboutView.swift; sourceTree = "<group>"; };
		B3ECEF091CC6369A00F25558 /* AboutSettingCell.swift */ = {isa = PBXFileReference; fileEncoding = 4; lastKnownFileType = sourcecode.swift; name = AboutSettingCell.swift; path = TableCell/AboutSettingCell.swift; sourceTree = "<group>"; };
		B3ECEF0A1CC6369A00F25558 /* AboutSettingCell.xib */ = {isa = PBXFileReference; fileEncoding = 4; lastKnownFileType = file.xib; name = AboutSettingCell.xib; path = TableCell/AboutSettingCell.xib; sourceTree = "<group>"; };
		B3F009491CC092DB00B4D109 /* ImageButton.swift */ = {isa = PBXFileReference; fileEncoding = 4; lastKnownFileType = sourcecode.swift; path = ImageButton.swift; sourceTree = "<group>"; };
		B3F184C71CC479FB0099B28A /* BaseTableViewCell.swift */ = {isa = PBXFileReference; fileEncoding = 4; lastKnownFileType = sourcecode.swift; name = BaseTableViewCell.swift; path = TableCell/BaseTableViewCell.swift; sourceTree = "<group>"; };
		B3F184C91CC47A0D0099B28A /* SimpleTableViewCell.swift */ = {isa = PBXFileReference; fileEncoding = 4; lastKnownFileType = sourcecode.swift; name = SimpleTableViewCell.swift; path = TableCell/SimpleTableViewCell.swift; sourceTree = "<group>"; };
		B3F184CB1CC47A440099B28A /* ZXOptionBarCell.swift */ = {isa = PBXFileReference; fileEncoding = 4; lastKnownFileType = sourcecode.swift; name = ZXOptionBarCell.swift; path = TableCell/ZXOptionBarCell.swift; sourceTree = "<group>"; };
		B3F184CF1CC4D9CA0099B28A /* SettingBlockView.swift */ = {isa = PBXFileReference; fileEncoding = 4; lastKnownFileType = sourcecode.swift; path = SettingBlockView.swift; sourceTree = "<group>"; };
		B3F24C481CC1DF5900ED73FA /* VideoBriefItem.swift */ = {isa = PBXFileReference; fileEncoding = 4; lastKnownFileType = sourcecode.swift; path = VideoBriefItem.swift; sourceTree = "<group>"; };
		B3F24C4E1CC21D7C00ED73FA /* ZXOptionBar.swift */ = {isa = PBXFileReference; fileEncoding = 4; lastKnownFileType = sourcecode.swift; path = ZXOptionBar.swift; sourceTree = "<group>"; };
		F0BDEC49C86317D58235B5AB /* Pods.release.xcconfig */ = {isa = PBXFileReference; includeInIndex = 1; lastKnownFileType = text.xcconfig; name = Pods.release.xcconfig; path = "Pods/Target Support Files/Pods/Pods.release.xcconfig"; sourceTree = "<group>"; };
/* End PBXFileReference section */

/* Begin PBXFrameworksBuildPhase section */
		2D143BCF1C9C566A00C11099 /* Frameworks */ = {
			isa = PBXFrameworksBuildPhase;
			buildActionMask = 2147483647;
			files = (
				2D91646F1CC4DFFD0045163A /* libiconv.tbd in Frameworks */,
				2D91646D1CC4DFEB0045163A /* libbz2.tbd in Frameworks */,
				2D91646B1CC4DF9B0045163A /* libz.tbd in Frameworks */,
				2D9164681CC4DE9F0045163A /* libavformat.a in Frameworks */,
				2D9164551CC4DAD50045163A /* libswresample.a in Frameworks */,
				2D9163CC1CC4DA5A0045163A /* WebP.framework in Frameworks */,
				2D9164521CC4DAD50045163A /* libavfilter.a in Frameworks */,
				A3ABB4A7F87A58BA8238F838 /* Pods.framework in Frameworks */,
				2D9164541CC4DAD50045163A /* libavutil.a in Frameworks */,
				2D9164561CC4DAD50045163A /* libswscale.a in Frameworks */,
				2D9164511CC4DAD50045163A /* libavdevice.a in Frameworks */,
				2D9164501CC4DAD50045163A /* libavcodec.a in Frameworks */,
			);
			runOnlyForDeploymentPostprocessing = 0;
		};
		2D143BE61C9C566A00C11099 /* Frameworks */ = {
			isa = PBXFrameworksBuildPhase;
			buildActionMask = 2147483647;
			files = (
			);
			runOnlyForDeploymentPostprocessing = 0;
		};
		2D143BF11C9C566A00C11099 /* Frameworks */ = {
			isa = PBXFrameworksBuildPhase;
			buildActionMask = 2147483647;
			files = (
			);
			runOnlyForDeploymentPostprocessing = 0;
		};
/* End PBXFrameworksBuildPhase section */

/* Begin PBXGroup section */
		0427FB20B71F2C1FF60C3D8F /* Pods */ = {
			isa = PBXGroup;
			children = (
				395854C8C7FCBCC2AC8708A8 /* Pods.debug.xcconfig */,
				F0BDEC49C86317D58235B5AB /* Pods.release.xcconfig */,
			);
			name = Pods;
			sourceTree = "<group>";
		};
		2D03D0FF1CA3EDEF00ED8B7E /* Common */ = {
			isa = PBXGroup;
			children = (
				2D03D1001CA3EDEF00ED8B7E /* BaseRequest.swift */,
				2D03D1011CA3EDEF00ED8B7E /* BaseResult.swift */,
				2D03D1021CA3EDEF00ED8B7E /* HttpConstants.swift */,
			);
			path = Common;
			sourceTree = "<group>";
		};
		2D03D1031CA3EDEF00ED8B7E /* Request */ = {
			isa = PBXGroup;
			children = (
			);
			path = Request;
			sourceTree = "<group>";
		};
		2D03D1041CA3EDEF00ED8B7E /* Result */ = {
			isa = PBXGroup;
			children = (
			);
			path = Result;
			sourceTree = "<group>";
		};
		2D03D1081CA3EE5A00ED8B7E /* Extension */ = {
			isa = PBXGroup;
			children = (
				2D03D1091CA3EE7C00ED8B7E /* UIView+Extension.swift */,
			);
			path = Extension;
			sourceTree = "<group>";
		};
		2D143BC91C9C566A00C11099 = {
			isa = PBXGroup;
			children = (
				2D143BD41C9C566A00C11099 /* BeeVideo */,
				2D143BEC1C9C566A00C11099 /* BeeVideoTests */,
				2D143BF71C9C566A00C11099 /* BeeVideoUITests */,
				2D143BD31C9C566A00C11099 /* Products */,
				0427FB20B71F2C1FF60C3D8F /* Pods */,
				EB13B2A8EC69E148BBD52AA9 /* Frameworks */,
			);
			sourceTree = "<group>";
		};
		2D143BD31C9C566A00C11099 /* Products */ = {
			isa = PBXGroup;
			children = (
				2D143BD21C9C566A00C11099 /* BeeVideo.app */,
				2D143BE91C9C566A00C11099 /* BeeVideoTests.xctest */,
				2D143BF41C9C566A00C11099 /* BeeVideoUITests.xctest */,
			);
			name = Products;
			sourceTree = "<group>";
		};
		2D143BD41C9C566A00C11099 /* BeeVideo */ = {
			isa = PBXGroup;
			children = (
				2D4B226F1CC0DB130083E9FE /* Resources */,
				2D143C061C9C5A6500C11099 /* Classes */,
				2D143C091C9C5A8100C11099 /* Utils */,
				2D9163991CC4DA5A0045163A /* Vendor */,
				2D143C081C9C5A7800C11099 /* Networking */,
				2D143C131C9C66CB00C11099 /* Supporting Files */,
			);
			path = BeeVideo;
			sourceTree = "<group>";
		};
		2D143BEC1C9C566A00C11099 /* BeeVideoTests */ = {
			isa = PBXGroup;
			children = (
				2D143BED1C9C566A00C11099 /* BeeVideoTests.swift */,
				2D143BEF1C9C566A00C11099 /* Info.plist */,
			);
			path = BeeVideoTests;
			sourceTree = "<group>";
		};
		2D143BF71C9C566A00C11099 /* BeeVideoUITests */ = {
			isa = PBXGroup;
			children = (
				2D143BF81C9C566A00C11099 /* BeeVideoUITests.swift */,
				2D143BFA1C9C566A00C11099 /* Info.plist */,
			);
			path = BeeVideoUITests;
			sourceTree = "<group>";
		};
		2D143C061C9C5A6500C11099 /* Classes */ = {
			isa = PBXGroup;
			children = (
				B3F184C61CC479D60099B28A /* TableCell */,
				2D143C0B1C9C5B5900C11099 /* Controllers */,
				2D143C0C1C9C5B5900C11099 /* Model */,
				2D143C0D1C9C5B5900C11099 /* UIView */,
				2D03D1081CA3EE5A00ED8B7E /* Extension */,
			);
			path = Classes;
			sourceTree = "<group>";
		};
		2D143C081C9C5A7800C11099 /* Networking */ = {
			isa = PBXGroup;
			children = (
				2D03D0FF1CA3EDEF00ED8B7E /* Common */,
				2D03D1031CA3EDEF00ED8B7E /* Request */,
				2D03D1041CA3EDEF00ED8B7E /* Result */,
			);
			path = Networking;
			sourceTree = "<group>";
		};
		2D143C091C9C5A8100C11099 /* Utils */ = {
			isa = PBXGroup;
			children = (
				2D03D0FB1CA3C0D800ED8B7E /* Constants.swift */,
			);
			path = Utils;
			sourceTree = "<group>";
		};
		2D143C0B1C9C5B5900C11099 /* Controllers */ = {
			isa = PBXGroup;
			children = (
				2DBD25E61CA166BE00E4BC86 /* ViewController.swift */,
				2D143C0F1C9C5C5600C11099 /* BaseViewController.swift */,
				B3A504FD1CBF8F6000E6201C /* VideoDetailViewController.swift */,
				2D03D0F91CA3B42000ED8B7E /* LauncherViewController.swift */,
			);
			path = Controllers;
			sourceTree = "<group>";
		};
		2D143C0C1C9C5B5900C11099 /* Model */ = {
			isa = PBXGroup;
			children = (
				B3A505031CBF915000E6201C /* Source.swift */,
				B3A505011CBF914100E6201C /* VideoDetailInfo.swift */,
				2D54DDEE1C9D2892007362F2 /* CycleItemInfo.swift */,
				B3A505051CBF916300E6201C /* Drama.swift */,
				2D54DDEC1C9D2865007362F2 /* DataFactory.swift */,
				2DE7CE591CA1315E004F0D68 /* HomeSpace.swift */,
				2DE7CE5B1CA131D5004F0D68 /* HomeItem.swift */,
				B3A504FF1CBF911000E6201C /* VideoSourceInfo.swift */,
				2DE7CE5D1CA1326D004F0D68 /* ExtraData.swift */,
				2DE7CE5F1CA153BC004F0D68 /* ChannelInfo.swift */,
				2DE7CE611CA154D7004F0D68 /* ChannelProgram.swift */,
				2DE7CE631CA163E5004F0D68 /* HomeData.swift */,
				B3F24C481CC1DF5900ED73FA /* VideoBriefItem.swift */,
			);
			path = Model;
			sourceTree = "<group>";
		};
		2D143C0D1C9C5B5900C11099 /* UIView */ = {
			isa = PBXGroup;
			children = (
				B3F24C4E1CC21D7C00ED73FA /* ZXOptionBar.swift */,
				2D143C111C9C5E3700C11099 /* TableTitleView.swift */,
				2D54DDE81C9D269C007362F2 /* BasePageView.swift */,
				2D54DDEA1C9D27A5007362F2 /* RemmondedPageView.swift */,
				2D54DDF01C9D339C007362F2 /* BlockView.swift */,
				2D54DDF21C9D39B7007362F2 /* VideoPageView.swift */,
				2D54DDF61C9D3A5A007362F2 /* SettingPageView.swift */,
				2D54DDF41C9D3A20007362F2 /* LivePageView.swift */,
				2D03D0FD1CA3E27F00ED8B7E /* AnimationBlockView.swift */,
				2D5CA0B71CA4E38F00F0F20E /* CornerImageView.swift */,
				B3F009491CC092DB00B4D109 /* ImageButton.swift */,
				B3F184CF1CC4D9CA0099B28A /* SettingBlockView.swift */,
				B3ECEF031CC60C9D00F25558 /* AboutView.swift */,
			);
			path = UIView;
			sourceTree = "<group>";
		};
		2D143C131C9C66CB00C11099 /* Supporting Files */ = {
			isa = PBXGroup;
			children = (
				2DB7CFF61CA4D1D600B5CBBD /* Info.plist */,
				2DDD4B901CA4D00800CD7F45 /* AppDelegate.swift */,
				2D54DE331C9D5444007362F2 /* BeeVideo-Bridging-Header.h */,
				2D143BDC1C9C566A00C11099 /* BeeVideo.xcdatamodeld */,
				2D143BE11C9C566A00C11099 /* LaunchScreen.storyboard */,
				2D03D0F51CA38C8800ED8B7E /* Main.storyboard */,
			);
			path = "Supporting Files";
			sourceTree = "<group>";
		};
		2D4B226F1CC0DB130083E9FE /* Resources */ = {
			isa = PBXGroup;
			children = (
				2D4B22701CC0DB130083E9FE /* Assets.xcassets */,
			);
			path = Resources;
			sourceTree = "<group>";
		};
		2D9163991CC4DA5A0045163A /* Vendor */ = {
			isa = PBXGroup;
			children = (
				2D9164571CC4DADE0045163A /* kxmovie */,
				2D9163E21CC4DAD50045163A /* FFmpeg-iOS */,
				2D91639A1CC4DA5A0045163A /* iOS-WebP */,
				2D91639E1CC4DA5A0045163A /* Marqueen */,
				2D9163A91CC4DA5A0045163A /* SDWebImage */,
			);
			path = Vendor;
			sourceTree = "<group>";
		};
		2D91639A1CC4DA5A0045163A /* iOS-WebP */ = {
			isa = PBXGroup;
			children = (
				2D91639B1CC4DA5A0045163A /* UIImage+WebP.h */,
				2D91639C1CC4DA5A0045163A /* UIImage+WebP.m */,
				2D91639D1CC4DA5A0045163A /* WebP.framework */,
			);
			path = "iOS-WebP";
			sourceTree = "<group>";
		};
		2D91639E1CC4DA5A0045163A /* Marqueen */ = {
			isa = PBXGroup;
			children = (
				2D91639F1CC4DA5A0045163A /* SXColorGradientView.h */,
				2D9163A01CC4DA5A0045163A /* SXColorGradientView.m */,
				2D9163A11CC4DA5A0045163A /* SXColorLabel.h */,
				2D9163A21CC4DA5A0045163A /* SXColorLabel.m */,
				2D9163A31CC4DA5A0045163A /* SXMarquee.h */,
				2D9163A41CC4DA5A0045163A /* SXMarquee.m */,
				2D9163A51CC4DA5A0045163A /* UIColor+Separate.h */,
				2D9163A61CC4DA5A0045163A /* UIColor+Separate.m */,
				2D9163A71CC4DA5A0045163A /* UIColor+Wonderful.h */,
				2D9163A81CC4DA5A0045163A /* UIColor+Wonderful.m */,
			);
			path = Marqueen;
			sourceTree = "<group>";
		};
		2D9163A91CC4DA5A0045163A /* SDWebImage */ = {
			isa = PBXGroup;
			children = (
				2D9163AA1CC4DA5A0045163A /* MKAnnotationView+WebCache.h */,
				2D9163AB1CC4DA5A0045163A /* MKAnnotationView+WebCache.m */,
				2D9163AC1CC4DA5A0045163A /* NSData+ImageContentType.h */,
				2D9163AD1CC4DA5A0045163A /* NSData+ImageContentType.m */,
				2D9163AE1CC4DA5A0045163A /* SDImageCache.h */,
				2D9163AF1CC4DA5A0045163A /* SDImageCache.m */,
				2D9163B01CC4DA5A0045163A /* SDWebImageCompat.h */,
				2D9163B11CC4DA5A0045163A /* SDWebImageCompat.m */,
				2D9163B21CC4DA5A0045163A /* SDWebImageDecoder.h */,
				2D9163B31CC4DA5A0045163A /* SDWebImageDecoder.m */,
				2D9163B41CC4DA5A0045163A /* SDWebImageDownloader.h */,
				2D9163B51CC4DA5A0045163A /* SDWebImageDownloader.m */,
				2D9163B61CC4DA5A0045163A /* SDWebImageDownloaderOperation.h */,
				2D9163B71CC4DA5A0045163A /* SDWebImageDownloaderOperation.m */,
				2D9163B81CC4DA5A0045163A /* SDWebImageManager.h */,
				2D9163B91CC4DA5A0045163A /* SDWebImageManager.m */,
				2D9163BA1CC4DA5A0045163A /* SDWebImageOperation.h */,
				2D9163BB1CC4DA5A0045163A /* SDWebImagePrefetcher.h */,
				2D9163BC1CC4DA5A0045163A /* SDWebImagePrefetcher.m */,
				2D9163BD1CC4DA5A0045163A /* UIButton+WebCache.h */,
				2D9163BE1CC4DA5A0045163A /* UIButton+WebCache.m */,
				2D9163BF1CC4DA5A0045163A /* UIImage+GIF.h */,
				2D9163C01CC4DA5A0045163A /* UIImage+GIF.m */,
				2D9163C11CC4DA5A0045163A /* UIImage+MultiFormat.h */,
				2D9163C21CC4DA5A0045163A /* UIImage+MultiFormat.m */,
				2D9163C31CC4DA5A0045163A /* UIImage+WebP.h */,
				2D9163C41CC4DA5A0045163A /* UIImage+WebP.m */,
				2D9163C51CC4DA5A0045163A /* UIImageView+HighlightedWebCache.h */,
				2D9163C61CC4DA5A0045163A /* UIImageView+HighlightedWebCache.m */,
				2D9163C71CC4DA5A0045163A /* UIImageView+WebCache.h */,
				2D9163C81CC4DA5A0045163A /* UIImageView+WebCache.m */,
				2D9163C91CC4DA5A0045163A /* UIView+WebCacheOperation.h */,
				2D9163CA1CC4DA5A0045163A /* UIView+WebCacheOperation.m */,
			);
			path = SDWebImage;
			sourceTree = "<group>";
		};
		2D9163E21CC4DAD50045163A /* FFmpeg-iOS */ = {
			isa = PBXGroup;
			children = (
				2D9163E31CC4DAD50045163A /* include */,
				2D9164481CC4DAD50045163A /* lib */,
			);
			path = "FFmpeg-iOS";
			sourceTree = "<group>";
		};
		2D9163E31CC4DAD50045163A /* include */ = {
			isa = PBXGroup;
			children = (
				2D9163E41CC4DAD50045163A /* libavcodec */,
				2D9163F21CC4DAD50045163A /* libavdevice */,
				2D9163F51CC4DAD50045163A /* libavfilter */,
				2D9163FD1CC4DAD50045163A /* libavformat */,
				2D9164011CC4DAD50045163A /* libavutil */,
				2D9164421CC4DAD50045163A /* libswresample */,
				2D9164451CC4DAD50045163A /* libswscale */,
			);
			path = include;
			sourceTree = "<group>";
		};
		2D9163E41CC4DAD50045163A /* libavcodec */ = {
			isa = PBXGroup;
			children = (
				2D9163E51CC4DAD50045163A /* avcodec.h */,
				2D9163E61CC4DAD50045163A /* avfft.h */,
				2D9163E71CC4DAD50045163A /* d3d11va.h */,
				2D9163E81CC4DAD50045163A /* dv_profile.h */,
				2D9163E91CC4DAD50045163A /* dxva2.h */,
				2D9163EA1CC4DAD50045163A /* old_codec_ids.h */,
				2D9163EB1CC4DAD50045163A /* qsv.h */,
				2D9163EC1CC4DAD50045163A /* vaapi.h */,
				2D9163ED1CC4DAD50045163A /* vda.h */,
				2D9163EE1CC4DAD50045163A /* vdpau.h */,
				2D9163EF1CC4DAD50045163A /* version.h */,
				2D9163F01CC4DAD50045163A /* vorbis_parser.h */,
				2D9163F11CC4DAD50045163A /* xvmc.h */,
			);
			path = libavcodec;
			sourceTree = "<group>";
		};
		2D9163F21CC4DAD50045163A /* libavdevice */ = {
			isa = PBXGroup;
			children = (
				2D9163F31CC4DAD50045163A /* avdevice.h */,
				2D9163F41CC4DAD50045163A /* version.h */,
			);
			path = libavdevice;
			sourceTree = "<group>";
		};
		2D9163F51CC4DAD50045163A /* libavfilter */ = {
			isa = PBXGroup;
			children = (
				2D9163F61CC4DAD50045163A /* asrc_abuffer.h */,
				2D9163F71CC4DAD50045163A /* avcodec.h */,
				2D9163F81CC4DAD50045163A /* avfilter.h */,
				2D9163F91CC4DAD50045163A /* avfiltergraph.h */,
				2D9163FA1CC4DAD50045163A /* buffersink.h */,
				2D9163FB1CC4DAD50045163A /* buffersrc.h */,
				2D9163FC1CC4DAD50045163A /* version.h */,
			);
			path = libavfilter;
			sourceTree = "<group>";
		};
		2D9163FD1CC4DAD50045163A /* libavformat */ = {
			isa = PBXGroup;
			children = (
				2D9163FE1CC4DAD50045163A /* avformat.h */,
				2D9163FF1CC4DAD50045163A /* avio.h */,
				2D9164001CC4DAD50045163A /* version.h */,
			);
			path = libavformat;
			sourceTree = "<group>";
		};
		2D9164011CC4DAD50045163A /* libavutil */ = {
			isa = PBXGroup;
			children = (
				2D9164021CC4DAD50045163A /* adler32.h */,
				2D9164031CC4DAD50045163A /* aes.h */,
				2D9164041CC4DAD50045163A /* attributes.h */,
				2D9164051CC4DAD50045163A /* audio_fifo.h */,
				2D9164061CC4DAD50045163A /* audioconvert.h */,
				2D9164071CC4DAD50045163A /* avassert.h */,
				2D9164081CC4DAD50045163A /* avconfig.h */,
				2D9164091CC4DAD50045163A /* avstring.h */,
				2D91640A1CC4DAD50045163A /* avutil.h */,
				2D91640B1CC4DAD50045163A /* base64.h */,
				2D91640C1CC4DAD50045163A /* blowfish.h */,
				2D91640D1CC4DAD50045163A /* bprint.h */,
				2D91640E1CC4DAD50045163A /* bswap.h */,
				2D91640F1CC4DAD50045163A /* buffer.h */,
				2D9164101CC4DAD50045163A /* camellia.h */,
				2D9164111CC4DAD50045163A /* cast5.h */,
				2D9164121CC4DAD50045163A /* channel_layout.h */,
				2D9164131CC4DAD50045163A /* common.h */,
				2D9164141CC4DAD50045163A /* cpu.h */,
				2D9164151CC4DAD50045163A /* crc.h */,
				2D9164161CC4DAD50045163A /* dict.h */,
				2D9164171CC4DAD50045163A /* display.h */,
				2D9164181CC4DAD50045163A /* downmix_info.h */,
				2D9164191CC4DAD50045163A /* error.h */,
				2D91641A1CC4DAD50045163A /* eval.h */,
				2D91641B1CC4DAD50045163A /* ffversion.h */,
				2D91641C1CC4DAD50045163A /* fifo.h */,
				2D91641D1CC4DAD50045163A /* file.h */,
				2D91641E1CC4DAD50045163A /* frame.h */,
				2D91641F1CC4DAD50045163A /* hash.h */,
				2D9164201CC4DAD50045163A /* hmac.h */,
				2D9164211CC4DAD50045163A /* imgutils.h */,
				2D9164221CC4DAD50045163A /* intfloat.h */,
				2D9164231CC4DAD50045163A /* intreadwrite.h */,
				2D9164241CC4DAD50045163A /* lfg.h */,
				2D9164251CC4DAD50045163A /* log.h */,
				2D9164261CC4DAD50045163A /* lzo.h */,
				2D9164271CC4DAD50045163A /* macros.h */,
				2D9164281CC4DAD50045163A /* mathematics.h */,
				2D9164291CC4DAD50045163A /* md5.h */,
				2D91642A1CC4DAD50045163A /* mem.h */,
				2D91642B1CC4DAD50045163A /* motion_vector.h */,
				2D91642C1CC4DAD50045163A /* murmur3.h */,
				2D91642D1CC4DAD50045163A /* old_pix_fmts.h */,
				2D91642E1CC4DAD50045163A /* opt.h */,
				2D91642F1CC4DAD50045163A /* parseutils.h */,
				2D9164301CC4DAD50045163A /* pixdesc.h */,
				2D9164311CC4DAD50045163A /* pixelutils.h */,
				2D9164321CC4DAD50045163A /* pixfmt.h */,
				2D9164331CC4DAD50045163A /* random_seed.h */,
				2D9164341CC4DAD50045163A /* rational.h */,
				2D9164351CC4DAD50045163A /* replaygain.h */,
				2D9164361CC4DAD50045163A /* ripemd.h */,
				2D9164371CC4DAD50045163A /* samplefmt.h */,
				2D9164381CC4DAD50045163A /* sha.h */,
				2D9164391CC4DAD50045163A /* sha512.h */,
				2D91643A1CC4DAD50045163A /* stereo3d.h */,
				2D91643B1CC4DAD50045163A /* threadmessage.h */,
				2D91643C1CC4DAD50045163A /* time.h */,
				2D91643D1CC4DAD50045163A /* timecode.h */,
				2D91643E1CC4DAD50045163A /* timestamp.h */,
				2D91643F1CC4DAD50045163A /* twofish.h */,
				2D9164401CC4DAD50045163A /* version.h */,
				2D9164411CC4DAD50045163A /* xtea.h */,
			);
			path = libavutil;
			sourceTree = "<group>";
		};
		2D9164421CC4DAD50045163A /* libswresample */ = {
			isa = PBXGroup;
			children = (
				2D9164431CC4DAD50045163A /* swresample.h */,
				2D9164441CC4DAD50045163A /* version.h */,
			);
			path = libswresample;
			sourceTree = "<group>";
		};
		2D9164451CC4DAD50045163A /* libswscale */ = {
			isa = PBXGroup;
			children = (
				2D9164461CC4DAD50045163A /* swscale.h */,
				2D9164471CC4DAD50045163A /* version.h */,
			);
			path = libswscale;
			sourceTree = "<group>";
		};
		2D9164481CC4DAD50045163A /* lib */ = {
			isa = PBXGroup;
			children = (
				2D9164491CC4DAD50045163A /* libavcodec.a */,
				2D91644A1CC4DAD50045163A /* libavdevice.a */,
				2D91644B1CC4DAD50045163A /* libavfilter.a */,
				2D91644C1CC4DAD50045163A /* libavformat.a */,
				2D91644D1CC4DAD50045163A /* libavutil.a */,
				2D91644E1CC4DAD50045163A /* libswresample.a */,
				2D91644F1CC4DAD50045163A /* libswscale.a */,
			);
			path = lib;
			sourceTree = "<group>";
		};
		2D9164571CC4DADE0045163A /* kxmovie */ = {
			isa = PBXGroup;
			children = (
				2D9164581CC4DADE0045163A /* KxAudioManager.h */,
				2D9164591CC4DADE0045163A /* KxAudioManager.m */,
				2D91645A1CC4DADE0045163A /* KxLogger.h */,
				2D91645B1CC4DADE0045163A /* kxmovie-Prefix.pch */,
				2D91645C1CC4DADE0045163A /* kxmovie.bundle */,
				2D91645D1CC4DADE0045163A /* KxMovieDecoder.h */,
				2D91645E1CC4DADE0045163A /* KxMovieDecoder.m */,
				2D91645F1CC4DADE0045163A /* KxMovieGLView.h */,
				2D9164601CC4DADE0045163A /* KxMovieGLView.m */,
				2D9164611CC4DADE0045163A /* KxMovieViewController.h */,
				2D9164621CC4DADE0045163A /* KxMovieViewController.m */,
			);
			path = kxmovie;
			sourceTree = "<group>";
		};
		B3F184C61CC479D60099B28A /* TableCell */ = {
			isa = PBXGroup;
			children = (
				2D9163971CC4C2D50045163A /* FavTableViewCell.xib */,
				B3F184CB1CC47A440099B28A /* ZXOptionBarCell.swift */,
				B3F184C91CC47A0D0099B28A /* SimpleTableViewCell.swift */,
				B3F184C71CC479FB0099B28A /* BaseTableViewCell.swift */,
				2D9163931CC47E3E0045163A /* FavTableViewCell.swift */,
				B3ECEF091CC6369A00F25558 /* AboutSettingCell.swift */,
				B3ECEF0A1CC6369A00F25558 /* AboutSettingCell.xib */,
			);
			name = TableCell;
			sourceTree = "<group>";
		};
		EB13B2A8EC69E148BBD52AA9 /* Frameworks */ = {
			isa = PBXGroup;
			children = (
				2D91646E1CC4DFFD0045163A /* libiconv.tbd */,
				2D91646C1CC4DFEB0045163A /* libbz2.tbd */,
				2D91646A1CC4DF9B0045163A /* libz.tbd */,
				3133115507B85392C7E5A37A /* Pods.framework */,
			);
			name = Frameworks;
			sourceTree = "<group>";
		};
/* End PBXGroup section */

/* Begin PBXNativeTarget section */
		2D143BD11C9C566A00C11099 /* BeeVideo */ = {
			isa = PBXNativeTarget;
			buildConfigurationList = 2D143BFD1C9C566A00C11099 /* Build configuration list for PBXNativeTarget "BeeVideo" */;
			buildPhases = (
				3CF84ECB3F3EA018B0BCF8FF /* Check Pods Manifest.lock */,
				2D143BCE1C9C566A00C11099 /* Sources */,
				2D143BCF1C9C566A00C11099 /* Frameworks */,
				2D143BD01C9C566A00C11099 /* Resources */,
				D9EDE191FF685E3285BB7274 /* Embed Pods Frameworks */,
				8B1A7DF5277F5D29689EDDDA /* Copy Pods Resources */,
			);
			buildRules = (
			);
			dependencies = (
			);
			name = BeeVideo;
			productName = BeeVideo;
			productReference = 2D143BD21C9C566A00C11099 /* BeeVideo.app */;
			productType = "com.apple.product-type.application";
		};
		2D143BE81C9C566A00C11099 /* BeeVideoTests */ = {
			isa = PBXNativeTarget;
			buildConfigurationList = 2D143C001C9C566A00C11099 /* Build configuration list for PBXNativeTarget "BeeVideoTests" */;
			buildPhases = (
				2D143BE51C9C566A00C11099 /* Sources */,
				2D143BE61C9C566A00C11099 /* Frameworks */,
				2D143BE71C9C566A00C11099 /* Resources */,
			);
			buildRules = (
			);
			dependencies = (
				2D143BEB1C9C566A00C11099 /* PBXTargetDependency */,
			);
			name = BeeVideoTests;
			productName = BeeVideoTests;
			productReference = 2D143BE91C9C566A00C11099 /* BeeVideoTests.xctest */;
			productType = "com.apple.product-type.bundle.unit-test";
		};
		2D143BF31C9C566A00C11099 /* BeeVideoUITests */ = {
			isa = PBXNativeTarget;
			buildConfigurationList = 2D143C031C9C566A00C11099 /* Build configuration list for PBXNativeTarget "BeeVideoUITests" */;
			buildPhases = (
				2D143BF01C9C566A00C11099 /* Sources */,
				2D143BF11C9C566A00C11099 /* Frameworks */,
				2D143BF21C9C566A00C11099 /* Resources */,
			);
			buildRules = (
			);
			dependencies = (
				2D143BF61C9C566A00C11099 /* PBXTargetDependency */,
			);
			name = BeeVideoUITests;
			productName = BeeVideoUITests;
			productReference = 2D143BF41C9C566A00C11099 /* BeeVideoUITests.xctest */;
			productType = "com.apple.product-type.bundle.ui-testing";
		};
/* End PBXNativeTarget section */

/* Begin PBXProject section */
		2D143BCA1C9C566A00C11099 /* Project object */ = {
			isa = PBXProject;
			attributes = {
				LastSwiftUpdateCheck = 0720;
				LastUpgradeCheck = 0720;
				ORGANIZATIONNAME = skyworth;
				TargetAttributes = {
					2D143BD11C9C566A00C11099 = {
						CreatedOnToolsVersion = 7.2.1;
						DevelopmentTeam = F7A8ARQ2R7;
					};
					2D143BE81C9C566A00C11099 = {
						CreatedOnToolsVersion = 7.2.1;
						DevelopmentTeam = F7A8ARQ2R7;
						TestTargetID = 2D143BD11C9C566A00C11099;
					};
					2D143BF31C9C566A00C11099 = {
						CreatedOnToolsVersion = 7.2.1;
						DevelopmentTeam = F7A8ARQ2R7;
						TestTargetID = 2D143BD11C9C566A00C11099;
					};
				};
			};
			buildConfigurationList = 2D143BCD1C9C566A00C11099 /* Build configuration list for PBXProject "BeeVideo" */;
			compatibilityVersion = "Xcode 3.2";
			developmentRegion = English;
			hasScannedForEncodings = 0;
			knownRegions = (
				en,
				Base,
			);
			mainGroup = 2D143BC91C9C566A00C11099;
			productRefGroup = 2D143BD31C9C566A00C11099 /* Products */;
			projectDirPath = "";
			projectRoot = "";
			targets = (
				2D143BD11C9C566A00C11099 /* BeeVideo */,
				2D143BE81C9C566A00C11099 /* BeeVideoTests */,
				2D143BF31C9C566A00C11099 /* BeeVideoUITests */,
			);
		};
/* End PBXProject section */

/* Begin PBXResourcesBuildPhase section */
		2D143BD01C9C566A00C11099 /* Resources */ = {
			isa = PBXResourcesBuildPhase;
			buildActionMask = 2147483647;
			files = (
				2D03D0F61CA38C8800ED8B7E /* Main.storyboard in Resources */,
				2D9164641CC4DADE0045163A /* kxmovie.bundle in Resources */,
				2D9163981CC4C2D50045163A /* FavTableViewCell.xib in Resources */,
				2D4B22711CC0DB130083E9FE /* Assets.xcassets in Resources */,
				B3ECEF0C1CC6369A00F25558 /* AboutSettingCell.xib in Resources */,
				2D143BE31C9C566A00C11099 /* LaunchScreen.storyboard in Resources */,
			);
			runOnlyForDeploymentPostprocessing = 0;
		};
		2D143BE71C9C566A00C11099 /* Resources */ = {
			isa = PBXResourcesBuildPhase;
			buildActionMask = 2147483647;
			files = (
			);
			runOnlyForDeploymentPostprocessing = 0;
		};
		2D143BF21C9C566A00C11099 /* Resources */ = {
			isa = PBXResourcesBuildPhase;
			buildActionMask = 2147483647;
			files = (
			);
			runOnlyForDeploymentPostprocessing = 0;
		};
/* End PBXResourcesBuildPhase section */

/* Begin PBXShellScriptBuildPhase section */
		3CF84ECB3F3EA018B0BCF8FF /* Check Pods Manifest.lock */ = {
			isa = PBXShellScriptBuildPhase;
			buildActionMask = 2147483647;
			files = (
			);
			inputPaths = (
			);
			name = "Check Pods Manifest.lock";
			outputPaths = (
			);
			runOnlyForDeploymentPostprocessing = 0;
			shellPath = /bin/sh;
			shellScript = "diff \"${PODS_ROOT}/../Podfile.lock\" \"${PODS_ROOT}/Manifest.lock\" > /dev/null\nif [[ $? != 0 ]] ; then\n    cat << EOM\nerror: The sandbox is not in sync with the Podfile.lock. Run 'pod install' or update your CocoaPods installation.\nEOM\n    exit 1\nfi\n";
			showEnvVarsInLog = 0;
		};
		8B1A7DF5277F5D29689EDDDA /* Copy Pods Resources */ = {
			isa = PBXShellScriptBuildPhase;
			buildActionMask = 2147483647;
			files = (
			);
			inputPaths = (
			);
			name = "Copy Pods Resources";
			outputPaths = (
			);
			runOnlyForDeploymentPostprocessing = 0;
			shellPath = /bin/sh;
			shellScript = "\"${SRCROOT}/Pods/Target Support Files/Pods/Pods-resources.sh\"\n";
			showEnvVarsInLog = 0;
		};
		D9EDE191FF685E3285BB7274 /* Embed Pods Frameworks */ = {
			isa = PBXShellScriptBuildPhase;
			buildActionMask = 2147483647;
			files = (
			);
			inputPaths = (
			);
			name = "Embed Pods Frameworks";
			outputPaths = (
			);
			runOnlyForDeploymentPostprocessing = 0;
			shellPath = /bin/sh;
			shellScript = "\"${SRCROOT}/Pods/Target Support Files/Pods/Pods-frameworks.sh\"\n";
			showEnvVarsInLog = 0;
		};
/* End PBXShellScriptBuildPhase section */

/* Begin PBXSourcesBuildPhase section */
		2D143BCE1C9C566A00C11099 /* Sources */ = {
			isa = PBXSourcesBuildPhase;
			buildActionMask = 2147483647;
			files = (
				2DDD4B941CA4D00800CD7F45 /* AppDelegate.swift in Sources */,
				2D03D1051CA3EDEF00ED8B7E /* BaseRequest.swift in Sources */,
				2D9163E01CC4DA5A0045163A /* UIImageView+WebCache.m in Sources */,
				2D9163D81CC4DA5A0045163A /* SDWebImageDownloaderOperation.m in Sources */,
				2D9163D01CC4DA5A0045163A /* UIColor+Separate.m in Sources */,
				2D54DDE91C9D269C007362F2 /* BasePageView.swift in Sources */,
				2D9163DE1CC4DA5A0045163A /* UIImage+WebP.m in Sources */,
				B3A504FE1CBF8F6000E6201C /* VideoDetailViewController.swift in Sources */,
				2D9163D51CC4DA5A0045163A /* SDWebImageCompat.m in Sources */,
				2DE7CE601CA153BC004F0D68 /* ChannelInfo.swift in Sources */,
				B3F24C491CC1DF5900ED73FA /* VideoBriefItem.swift in Sources */,
				2D9163DA1CC4DA5A0045163A /* SDWebImagePrefetcher.m in Sources */,
				2D9163D41CC4DA5A0045163A /* SDImageCache.m in Sources */,
				B3F184CA1CC47A0D0099B28A /* SimpleTableViewCell.swift in Sources */,
				2D9163941CC47E3E0045163A /* FavTableViewCell.swift in Sources */,
				2DE7CE641CA163E5004F0D68 /* HomeData.swift in Sources */,
				2D9163D61CC4DA5A0045163A /* SDWebImageDecoder.m in Sources */,
				2D9163CE1CC4DA5A0045163A /* SXColorLabel.m in Sources */,
				2D9163DF1CC4DA5A0045163A /* UIImageView+HighlightedWebCache.m in Sources */,
				2D9164651CC4DADE0045163A /* KxMovieDecoder.m in Sources */,
				2D143C121C9C5E3700C11099 /* TableTitleView.swift in Sources */,
				B3ECEF041CC60C9D00F25558 /* AboutView.swift in Sources */,
				B3ECEF0B1CC6369A00F25558 /* AboutSettingCell.swift in Sources */,
				2D54DDF71C9D3A5A007362F2 /* SettingPageView.swift in Sources */,
				B3A505061CBF916300E6201C /* Drama.swift in Sources */,
				2DBD25E71CA166BE00E4BC86 /* ViewController.swift in Sources */,
				2D03D10A1CA3EE7C00ED8B7E /* UIView+Extension.swift in Sources */,
				2D143C101C9C5C5600C11099 /* BaseViewController.swift in Sources */,
				2D9163DD1CC4DA5A0045163A /* UIImage+MultiFormat.m in Sources */,
				2D9164661CC4DADE0045163A /* KxMovieGLView.m in Sources */,
				2D9163D21CC4DA5A0045163A /* MKAnnotationView+WebCache.m in Sources */,
				2D143BDE1C9C566A00C11099 /* BeeVideo.xcdatamodeld in Sources */,
				B3A505001CBF911000E6201C /* VideoSourceInfo.swift in Sources */,
				B3F0094A1CC092DB00B4D109 /* ImageButton.swift in Sources */,
				2D9163DC1CC4DA5A0045163A /* UIImage+GIF.m in Sources */,
				B3A505041CBF915000E6201C /* Source.swift in Sources */,
				2D03D1061CA3EDEF00ED8B7E /* BaseResult.swift in Sources */,
				2D9163E11CC4DA5A0045163A /* UIView+WebCacheOperation.m in Sources */,
				2D03D1071CA3EDEF00ED8B7E /* HttpConstants.swift in Sources */,
				2D9163D91CC4DA5A0045163A /* SDWebImageManager.m in Sources */,
				2D03D0FC1CA3C0D800ED8B7E /* Constants.swift in Sources */,
				2DE7CE5E1CA1326D004F0D68 /* ExtraData.swift in Sources */,
				2D54DDF51C9D3A20007362F2 /* LivePageView.swift in Sources */,
				2D03D0FE1CA3E27F00ED8B7E /* AnimationBlockView.swift in Sources */,
				2DE7CE5C1CA131D5004F0D68 /* HomeItem.swift in Sources */,
				2D54DDF11C9D339C007362F2 /* BlockView.swift in Sources */,
				2D9163CB1CC4DA5A0045163A /* UIImage+WebP.m in Sources */,
				2D54DDF31C9D39B7007362F2 /* VideoPageView.swift in Sources */,
				2DE7CE5A1CA1315E004F0D68 /* HomeSpace.swift in Sources */,
				2D9163CD1CC4DA5A0045163A /* SXColorGradientView.m in Sources */,
				B3F24C4F1CC21D7C00ED73FA /* ZXOptionBar.swift in Sources */,
				2D54DDED1C9D2865007362F2 /* DataFactory.swift in Sources */,
				2DE7CE621CA154D7004F0D68 /* ChannelProgram.swift in Sources */,
				B3A505021CBF914100E6201C /* VideoDetailInfo.swift in Sources */,
				2D9163D31CC4DA5A0045163A /* NSData+ImageContentType.m in Sources */,
				B3F184C81CC479FB0099B28A /* BaseTableViewCell.swift in Sources */,
				2D9163CF1CC4DA5A0045163A /* SXMarquee.m in Sources */,
				2D9163DB1CC4DA5A0045163A /* UIButton+WebCache.m in Sources */,
				B3F184CC1CC47A440099B28A /* ZXOptionBarCell.swift in Sources */,
				2D9164671CC4DADE0045163A /* KxMovieViewController.m in Sources */,
				2D54DDEB1C9D27A5007362F2 /* RemmondedPageView.swift in Sources */,
				2D9163D71CC4DA5A0045163A /* SDWebImageDownloader.m in Sources */,
				2D03D0FA1CA3B42000ED8B7E /* LauncherViewController.swift in Sources */,
				2D9163D11CC4DA5A0045163A /* UIColor+Wonderful.m in Sources */,
				2D9164631CC4DADE0045163A /* KxAudioManager.m in Sources */,
				2D54DDEF1C9D2892007362F2 /* CycleItemInfo.swift in Sources */,
				B3F184D01CC4D9CA0099B28A /* SettingBlockView.swift in Sources */,
				2D5CA0B81CA4E38F00F0F20E /* CornerImageView.swift in Sources */,
			);
			runOnlyForDeploymentPostprocessing = 0;
		};
		2D143BE51C9C566A00C11099 /* Sources */ = {
			isa = PBXSourcesBuildPhase;
			buildActionMask = 2147483647;
			files = (
				2D143BEE1C9C566A00C11099 /* BeeVideoTests.swift in Sources */,
			);
			runOnlyForDeploymentPostprocessing = 0;
		};
		2D143BF01C9C566A00C11099 /* Sources */ = {
			isa = PBXSourcesBuildPhase;
			buildActionMask = 2147483647;
			files = (
				2D143BF91C9C566A00C11099 /* BeeVideoUITests.swift in Sources */,
			);
			runOnlyForDeploymentPostprocessing = 0;
		};
/* End PBXSourcesBuildPhase section */

/* Begin PBXTargetDependency section */
		2D143BEB1C9C566A00C11099 /* PBXTargetDependency */ = {
			isa = PBXTargetDependency;
			target = 2D143BD11C9C566A00C11099 /* BeeVideo */;
			targetProxy = 2D143BEA1C9C566A00C11099 /* PBXContainerItemProxy */;
		};
		2D143BF61C9C566A00C11099 /* PBXTargetDependency */ = {
			isa = PBXTargetDependency;
			target = 2D143BD11C9C566A00C11099 /* BeeVideo */;
			targetProxy = 2D143BF51C9C566A00C11099 /* PBXContainerItemProxy */;
		};
/* End PBXTargetDependency section */

/* Begin PBXVariantGroup section */
		2D143BE11C9C566A00C11099 /* LaunchScreen.storyboard */ = {
			isa = PBXVariantGroup;
			children = (
				2D143BE21C9C566A00C11099 /* Base */,
			);
			name = LaunchScreen.storyboard;
			path = ..;
			sourceTree = "<group>";
		};
/* End PBXVariantGroup section */

/* Begin XCBuildConfiguration section */
		2D143BFB1C9C566A00C11099 /* Debug */ = {
			isa = XCBuildConfiguration;
			buildSettings = {
				ALWAYS_SEARCH_USER_PATHS = NO;
				CLANG_CXX_LANGUAGE_STANDARD = "gnu++0x";
				CLANG_CXX_LIBRARY = "libc++";
				CLANG_ENABLE_MODULES = YES;
				CLANG_ENABLE_OBJC_ARC = YES;
				CLANG_WARN_BOOL_CONVERSION = YES;
				CLANG_WARN_CONSTANT_CONVERSION = YES;
				CLANG_WARN_DIRECT_OBJC_ISA_USAGE = YES_ERROR;
				CLANG_WARN_EMPTY_BODY = YES;
				CLANG_WARN_ENUM_CONVERSION = YES;
				CLANG_WARN_INT_CONVERSION = YES;
				CLANG_WARN_OBJC_ROOT_CLASS = YES_ERROR;
				CLANG_WARN_UNREACHABLE_CODE = YES;
				CLANG_WARN__DUPLICATE_METHOD_MATCH = YES;
				"CODE_SIGN_IDENTITY[sdk=iphoneos*]" = "iPhone Developer";
				COPY_PHASE_STRIP = NO;
				DEBUG_INFORMATION_FORMAT = dwarf;
				ENABLE_STRICT_OBJC_MSGSEND = YES;
				ENABLE_TESTABILITY = YES;
				GCC_C_LANGUAGE_STANDARD = gnu99;
				GCC_DYNAMIC_NO_PIC = NO;
				GCC_NO_COMMON_BLOCKS = YES;
				GCC_OPTIMIZATION_LEVEL = 0;
				GCC_PREPROCESSOR_DEFINITIONS = (
					"DEBUG=1",
					"$(inherited)",
				);
				GCC_WARN_64_TO_32_BIT_CONVERSION = YES;
				GCC_WARN_ABOUT_RETURN_TYPE = YES_ERROR;
				GCC_WARN_UNDECLARED_SELECTOR = YES;
				GCC_WARN_UNINITIALIZED_AUTOS = YES_AGGRESSIVE;
				GCC_WARN_UNUSED_FUNCTION = YES;
				GCC_WARN_UNUSED_VARIABLE = YES;
				IPHONEOS_DEPLOYMENT_TARGET = 9.3;
				MTL_ENABLE_DEBUG_INFO = YES;
				ONLY_ACTIVE_ARCH = YES;
				SDKROOT = iphoneos;
				SWIFT_OPTIMIZATION_LEVEL = "-Onone";
			};
			name = Debug;
		};
		2D143BFC1C9C566A00C11099 /* Release */ = {
			isa = XCBuildConfiguration;
			buildSettings = {
				ALWAYS_SEARCH_USER_PATHS = NO;
				CLANG_CXX_LANGUAGE_STANDARD = "gnu++0x";
				CLANG_CXX_LIBRARY = "libc++";
				CLANG_ENABLE_MODULES = YES;
				CLANG_ENABLE_OBJC_ARC = YES;
				CLANG_WARN_BOOL_CONVERSION = YES;
				CLANG_WARN_CONSTANT_CONVERSION = YES;
				CLANG_WARN_DIRECT_OBJC_ISA_USAGE = YES_ERROR;
				CLANG_WARN_EMPTY_BODY = YES;
				CLANG_WARN_ENUM_CONVERSION = YES;
				CLANG_WARN_INT_CONVERSION = YES;
				CLANG_WARN_OBJC_ROOT_CLASS = YES_ERROR;
				CLANG_WARN_UNREACHABLE_CODE = YES;
				CLANG_WARN__DUPLICATE_METHOD_MATCH = YES;
				"CODE_SIGN_IDENTITY[sdk=iphoneos*]" = "iPhone Developer";
				COPY_PHASE_STRIP = NO;
				DEBUG_INFORMATION_FORMAT = "dwarf-with-dsym";
				ENABLE_NS_ASSERTIONS = NO;
				ENABLE_STRICT_OBJC_MSGSEND = YES;
				GCC_C_LANGUAGE_STANDARD = gnu99;
				GCC_NO_COMMON_BLOCKS = YES;
				GCC_WARN_64_TO_32_BIT_CONVERSION = YES;
				GCC_WARN_ABOUT_RETURN_TYPE = YES_ERROR;
				GCC_WARN_UNDECLARED_SELECTOR = YES;
				GCC_WARN_UNINITIALIZED_AUTOS = YES_AGGRESSIVE;
				GCC_WARN_UNUSED_FUNCTION = YES;
				GCC_WARN_UNUSED_VARIABLE = YES;
				IPHONEOS_DEPLOYMENT_TARGET = 9.3;
				MTL_ENABLE_DEBUG_INFO = NO;
				SDKROOT = iphoneos;
				VALIDATE_PRODUCT = YES;
			};
			name = Release;
		};
		2D143BFE1C9C566A00C11099 /* Debug */ = {
			isa = XCBuildConfiguration;
			baseConfigurationReference = 395854C8C7FCBCC2AC8708A8 /* Pods.debug.xcconfig */;
			buildSettings = {
				CODE_SIGN_IDENTITY = "iPhone Developer";
				"CODE_SIGN_IDENTITY[sdk=iphoneos*]" = "iPhone Developer";
				EMBED_ASSET_PACKS_IN_PRODUCT_BUNDLE = NO;
				ENABLE_BITCODE = NO;
				FRAMEWORK_SEARCH_PATHS = (
					"$(inherited)",
					"$(PROJECT_DIR)/BeeVideo/Vendor/iOS-WebP",
				);
				GCC_PREPROCESSOR_DEFINITIONS = (
					"$(inherited)",
					"COCOAPODS=1",
					"SD_WEBP=1",
				);
				HEADER_SEARCH_PATHS = "$(PROJECT_DIR)/BeeVideo/Vendor/FFmpeg-iOS/include";
				INFOPLIST_FILE = BeeVideo/Info.plist;
				IPHONEOS_DEPLOYMENT_TARGET = 9.3;
				LD_RUNPATH_SEARCH_PATHS = "$(inherited) @executable_path/Frameworks";
				LIBRARY_SEARCH_PATHS = (
					"$(inherited)",
					"$(PROJECT_DIR)/BeeVideo/Vendor/FFmpeg-iOS/lib",
				);
				OTHER_LDFLAGS = (
					"$(inherited)",
					"-framework",
					"\"Alamofire\"",
					"-framework",
					"\"SnapKit\"",
					"-framework",
					"\"SwiftyJSON\"",
					"-ObjC",
				);
				PRODUCT_BUNDLE_IDENTIFIER = www.skyworth.com.BeeVideo;
				PRODUCT_NAME = "$(TARGET_NAME)";
				PROVISIONING_PROFILE = "";
				SWIFT_OBJC_BRIDGING_HEADER = "BeeVideo/Supporting Files/BeeVideo-Bridging-Header.h";
				TARGETED_DEVICE_FAMILY = 1;
			};
			name = Debug;
		};
		2D143BFF1C9C566A00C11099 /* Release */ = {
			isa = XCBuildConfiguration;
			baseConfigurationReference = F0BDEC49C86317D58235B5AB /* Pods.release.xcconfig */;
			buildSettings = {
				CODE_SIGN_IDENTITY = "iPhone Developer";
				"CODE_SIGN_IDENTITY[sdk=iphoneos*]" = "iPhone Developer";
				EMBED_ASSET_PACKS_IN_PRODUCT_BUNDLE = NO;
				ENABLE_BITCODE = NO;
				FRAMEWORK_SEARCH_PATHS = (
					"$(inherited)",
					"$(PROJECT_DIR)/BeeVideo/Vendor/iOS-WebP",
				);
				GCC_PREPROCESSOR_DEFINITIONS = (
					"$(inherited)",
					"COCOAPODS=1",
					"SD_WEBP=1",
				);
				HEADER_SEARCH_PATHS = "$(PROJECT_DIR)/BeeVideo/Vendor/FFmpeg-iOS/include";
				INFOPLIST_FILE = BeeVideo/Info.plist;
				IPHONEOS_DEPLOYMENT_TARGET = 9.3;
				LD_RUNPATH_SEARCH_PATHS = "$(inherited) @executable_path/Frameworks";
				LIBRARY_SEARCH_PATHS = (
					"$(inherited)",
					"$(PROJECT_DIR)/BeeVideo/Vendor/FFmpeg-iOS/lib",
				);
				OTHER_LDFLAGS = (
					"$(inherited)",
					"-framework",
					"\"Alamofire\"",
					"-framework",
					"\"SnapKit\"",
					"-framework",
					"\"SwiftyJSON\"",
					"-ObjC",
				);
				PRODUCT_BUNDLE_IDENTIFIER = www.skyworth.com.BeeVideo;
				PRODUCT_NAME = "$(TARGET_NAME)";
				PROVISIONING_PROFILE = "";
				SWIFT_OBJC_BRIDGING_HEADER = "BeeVideo/Supporting Files/BeeVideo-Bridging-Header.h";
				TARGETED_DEVICE_FAMILY = 1;
			};
			name = Release;
		};
		2D143C011C9C566A00C11099 /* Debug */ = {
			isa = XCBuildConfiguration;
			buildSettings = {
				BUNDLE_LOADER = "$(TEST_HOST)";
				INFOPLIST_FILE = BeeVideoTests/Info.plist;
				LD_RUNPATH_SEARCH_PATHS = "$(inherited) @executable_path/Frameworks @loader_path/Frameworks";
				PRODUCT_BUNDLE_IDENTIFIER = www.skyworth.com.BeeVideoTests;
				PRODUCT_NAME = "$(TARGET_NAME)";
				TEST_HOST = "$(BUILT_PRODUCTS_DIR)/BeeVideo.app/BeeVideo";
			};
			name = Debug;
		};
		2D143C021C9C566A00C11099 /* Release */ = {
			isa = XCBuildConfiguration;
			buildSettings = {
				BUNDLE_LOADER = "$(TEST_HOST)";
				INFOPLIST_FILE = BeeVideoTests/Info.plist;
				LD_RUNPATH_SEARCH_PATHS = "$(inherited) @executable_path/Frameworks @loader_path/Frameworks";
				PRODUCT_BUNDLE_IDENTIFIER = www.skyworth.com.BeeVideoTests;
				PRODUCT_NAME = "$(TARGET_NAME)";
				TEST_HOST = "$(BUILT_PRODUCTS_DIR)/BeeVideo.app/BeeVideo";
			};
			name = Release;
		};
		2D143C041C9C566A00C11099 /* Debug */ = {
			isa = XCBuildConfiguration;
			buildSettings = {
				INFOPLIST_FILE = BeeVideoUITests/Info.plist;
				LD_RUNPATH_SEARCH_PATHS = "$(inherited) @executable_path/Frameworks @loader_path/Frameworks";
				PRODUCT_BUNDLE_IDENTIFIER = www.skyworth.com.BeeVideoUITests;
				PRODUCT_NAME = "$(TARGET_NAME)";
				TEST_TARGET_NAME = BeeVideo;
				USES_XCTRUNNER = YES;
			};
			name = Debug;
		};
		2D143C051C9C566A00C11099 /* Release */ = {
			isa = XCBuildConfiguration;
			buildSettings = {
				INFOPLIST_FILE = BeeVideoUITests/Info.plist;
				LD_RUNPATH_SEARCH_PATHS = "$(inherited) @executable_path/Frameworks @loader_path/Frameworks";
				PRODUCT_BUNDLE_IDENTIFIER = www.skyworth.com.BeeVideoUITests;
				PRODUCT_NAME = "$(TARGET_NAME)";
				TEST_TARGET_NAME = BeeVideo;
				USES_XCTRUNNER = YES;
			};
			name = Release;
		};
/* End XCBuildConfiguration section */

/* Begin XCConfigurationList section */
		2D143BCD1C9C566A00C11099 /* Build configuration list for PBXProject "BeeVideo" */ = {
			isa = XCConfigurationList;
			buildConfigurations = (
				2D143BFB1C9C566A00C11099 /* Debug */,
				2D143BFC1C9C566A00C11099 /* Release */,
			);
			defaultConfigurationIsVisible = 0;
			defaultConfigurationName = Release;
		};
		2D143BFD1C9C566A00C11099 /* Build configuration list for PBXNativeTarget "BeeVideo" */ = {
			isa = XCConfigurationList;
			buildConfigurations = (
				2D143BFE1C9C566A00C11099 /* Debug */,
				2D143BFF1C9C566A00C11099 /* Release */,
			);
			defaultConfigurationIsVisible = 0;
			defaultConfigurationName = Release;
		};
		2D143C001C9C566A00C11099 /* Build configuration list for PBXNativeTarget "BeeVideoTests" */ = {
			isa = XCConfigurationList;
			buildConfigurations = (
				2D143C011C9C566A00C11099 /* Debug */,
				2D143C021C9C566A00C11099 /* Release */,
			);
			defaultConfigurationIsVisible = 0;
			defaultConfigurationName = Release;
		};
		2D143C031C9C566A00C11099 /* Build configuration list for PBXNativeTarget "BeeVideoUITests" */ = {
			isa = XCConfigurationList;
			buildConfigurations = (
				2D143C041C9C566A00C11099 /* Debug */,
				2D143C051C9C566A00C11099 /* Release */,
			);
			defaultConfigurationIsVisible = 0;
			defaultConfigurationName = Release;
		};
/* End XCConfigurationList section */

/* Begin XCVersionGroup section */
		2D143BDC1C9C566A00C11099 /* BeeVideo.xcdatamodeld */ = {
			isa = XCVersionGroup;
			children = (
				2D143BDD1C9C566A00C11099 /* BeeVideo.xcdatamodel */,
			);
			currentVersion = 2D143BDD1C9C566A00C11099 /* BeeVideo.xcdatamodel */;
			name = BeeVideo.xcdatamodeld;
			path = ../BeeVideo.xcdatamodeld;
			sourceTree = "<group>";
			versionGroupType = wrapper.xcdatamodel;
		};
/* End XCVersionGroup section */
	};
	rootObject = 2D143BCA1C9C566A00C11099 /* Project object */;
}
